// !$*UTF8*$!
{
	archiveVersion = 1;
	classes = {
	};
	objectVersion = 50;
	objects = {

/* Begin PBXBuildFile section */
		3E0EAD5A2613170A009D8790 /* UploadPostViewController.swift in Sources */ = {isa = PBXBuildFile; fileRef = 3E0EAD592613170A009D8790 /* UploadPostViewController.swift */; };
		3E464D8526088FF700390A0B /* AppDelegate.swift in Sources */ = {isa = PBXBuildFile; fileRef = 3E464D8426088FF700390A0B /* AppDelegate.swift */; };
		3E464D8726088FF700390A0B /* SceneDelegate.swift in Sources */ = {isa = PBXBuildFile; fileRef = 3E464D8626088FF700390A0B /* SceneDelegate.swift */; };
		3E464D8926088FF700390A0B /* MyPostViewController.swift in Sources */ = {isa = PBXBuildFile; fileRef = 3E464D8826088FF700390A0B /* MyPostViewController.swift */; };
		3E464D8C26088FF700390A0B /* Main.storyboard in Resources */ = {isa = PBXBuildFile; fileRef = 3E464D8A26088FF700390A0B /* Main.storyboard */; };
		3E464D8F26088FF700390A0B /* Travelog.xcdatamodeld in Sources */ = {isa = PBXBuildFile; fileRef = 3E464D8D26088FF700390A0B /* Travelog.xcdatamodeld */; };
		3E464D9126088FF800390A0B /* Assets.xcassets in Resources */ = {isa = PBXBuildFile; fileRef = 3E464D9026088FF800390A0B /* Assets.xcassets */; };
		3E464D9426088FF800390A0B /* LaunchScreen.storyboard in Resources */ = {isa = PBXBuildFile; fileRef = 3E464D9226088FF800390A0B /* LaunchScreen.storyboard */; };
		3E464D9F26088FF800390A0B /* TravelogTests.swift in Sources */ = {isa = PBXBuildFile; fileRef = 3E464D9E26088FF800390A0B /* TravelogTests.swift */; };
		3E464DAA26088FF800390A0B /* TravelogUITests.swift in Sources */ = {isa = PBXBuildFile; fileRef = 3E464DA926088FF800390A0B /* TravelogUITests.swift */; };
		3E6F507E260B9A4800B22252 /* PostThumbnail.swift in Sources */ = {isa = PBXBuildFile; fileRef = 3E6F507D260B9A4800B22252 /* PostThumbnail.swift */; };
		3E6F508B260B9E0800B22252 /* ViewCell.swift in Sources */ = {isa = PBXBuildFile; fileRef = 3E6F508A260B9E0800B22252 /* ViewCell.swift */; };
		3E7F918C26124A1800B319E8 /* SearchViewController.swift in Sources */ = {isa = PBXBuildFile; fileRef = 3E7F918B26124A1800B319E8 /* SearchViewController.swift */; };
		3E7F919126124A2D00B319E8 /* StarredPostViewController.swift in Sources */ = {isa = PBXBuildFile; fileRef = 3E7F919026124A2D00B319E8 /* StarredPostViewController.swift */; };
		3E7F919626124A3800B319E8 /* AllPostViewController.swift in Sources */ = {isa = PBXBuildFile; fileRef = 3E7F919526124A3800B319E8 /* AllPostViewController.swift */; };
		ACA7BF10260A328F00C108EC /* SettingViewController.swift in Sources */ = {isa = PBXBuildFile; fileRef = ACA7BF0F260A328E00C108EC /* SettingViewController.swift */; };
		ACA7BF23260C82FF00C108EC /* MyProfileEditViewController.swift in Sources */ = {isa = PBXBuildFile; fileRef = ACA7BF22260C82FE00C108EC /* MyProfileEditViewController.swift */; };
		ACA7BF362613761F00C108EC /* MyPostListViewController.swift in Sources */ = {isa = PBXBuildFile; fileRef = ACA7BF352613761F00C108EC /* MyPostListViewController.swift */; };
		ACA7BF3E2613767800C108EC /* MyPostMapViewController.swift in Sources */ = {isa = PBXBuildFile; fileRef = ACA7BF3D2613767800C108EC /* MyPostMapViewController.swift */; };
/* End PBXBuildFile section */

/* Begin PBXContainerItemProxy section */
		3E464D9B26088FF800390A0B /* PBXContainerItemProxy */ = {
			isa = PBXContainerItemProxy;
			containerPortal = 3E464D7926088FF600390A0B /* Project object */;
			proxyType = 1;
			remoteGlobalIDString = 3E464D8026088FF600390A0B;
			remoteInfo = Travelog;
		};
		3E464DA626088FF800390A0B /* PBXContainerItemProxy */ = {
			isa = PBXContainerItemProxy;
			containerPortal = 3E464D7926088FF600390A0B /* Project object */;
			proxyType = 1;
			remoteGlobalIDString = 3E464D8026088FF600390A0B;
			remoteInfo = Travelog;
		};
/* End PBXContainerItemProxy section */

/* Begin PBXFileReference section */
		3E0EAD592613170A009D8790 /* UploadPostViewController.swift */ = {isa = PBXFileReference; lastKnownFileType = sourcecode.swift; path = UploadPostViewController.swift; sourceTree = "<group>"; };
		3E464D8126088FF600390A0B /* Travelog.app */ = {isa = PBXFileReference; explicitFileType = wrapper.application; includeInIndex = 0; path = Travelog.app; sourceTree = BUILT_PRODUCTS_DIR; };
		3E464D8426088FF700390A0B /* AppDelegate.swift */ = {isa = PBXFileReference; lastKnownFileType = sourcecode.swift; path = AppDelegate.swift; sourceTree = "<group>"; };
		3E464D8626088FF700390A0B /* SceneDelegate.swift */ = {isa = PBXFileReference; lastKnownFileType = sourcecode.swift; path = SceneDelegate.swift; sourceTree = "<group>"; };
		3E464D8826088FF700390A0B /* MyPostViewController.swift */ = {isa = PBXFileReference; lastKnownFileType = sourcecode.swift; path = MyPostViewController.swift; sourceTree = "<group>"; };
		3E464D8B26088FF700390A0B /* Base */ = {isa = PBXFileReference; lastKnownFileType = file.storyboard; name = Base; path = Base.lproj/Main.storyboard; sourceTree = "<group>"; };
		3E464D8E26088FF700390A0B /* Travelog.xcdatamodel */ = {isa = PBXFileReference; lastKnownFileType = wrapper.xcdatamodel; path = Travelog.xcdatamodel; sourceTree = "<group>"; };
		3E464D9026088FF800390A0B /* Assets.xcassets */ = {isa = PBXFileReference; lastKnownFileType = folder.assetcatalog; path = Assets.xcassets; sourceTree = "<group>"; };
		3E464D9326088FF800390A0B /* Base */ = {isa = PBXFileReference; lastKnownFileType = file.storyboard; name = Base; path = Base.lproj/LaunchScreen.storyboard; sourceTree = "<group>"; };
		3E464D9526088FF800390A0B /* Info.plist */ = {isa = PBXFileReference; lastKnownFileType = text.plist.xml; path = Info.plist; sourceTree = "<group>"; };
		3E464D9A26088FF800390A0B /* TravelogTests.xctest */ = {isa = PBXFileReference; explicitFileType = wrapper.cfbundle; includeInIndex = 0; path = TravelogTests.xctest; sourceTree = BUILT_PRODUCTS_DIR; };
		3E464D9E26088FF800390A0B /* TravelogTests.swift */ = {isa = PBXFileReference; lastKnownFileType = sourcecode.swift; path = TravelogTests.swift; sourceTree = "<group>"; };
		3E464DA026088FF800390A0B /* Info.plist */ = {isa = PBXFileReference; lastKnownFileType = text.plist.xml; path = Info.plist; sourceTree = "<group>"; };
		3E464DA526088FF800390A0B /* TravelogUITests.xctest */ = {isa = PBXFileReference; explicitFileType = wrapper.cfbundle; includeInIndex = 0; path = TravelogUITests.xctest; sourceTree = BUILT_PRODUCTS_DIR; };
		3E464DA926088FF800390A0B /* TravelogUITests.swift */ = {isa = PBXFileReference; lastKnownFileType = sourcecode.swift; path = TravelogUITests.swift; sourceTree = "<group>"; };
		3E464DAB26088FF800390A0B /* Info.plist */ = {isa = PBXFileReference; lastKnownFileType = text.plist.xml; path = Info.plist; sourceTree = "<group>"; };
		3E6F507D260B9A4800B22252 /* PostThumbnail.swift */ = {isa = PBXFileReference; lastKnownFileType = sourcecode.swift; path = PostThumbnail.swift; sourceTree = "<group>"; };
		3E6F508A260B9E0800B22252 /* ViewCell.swift */ = {isa = PBXFileReference; lastKnownFileType = sourcecode.swift; path = ViewCell.swift; sourceTree = "<group>"; };
		3E7F918B26124A1800B319E8 /* SearchViewController.swift */ = {isa = PBXFileReference; lastKnownFileType = sourcecode.swift; path = SearchViewController.swift; sourceTree = "<group>"; };
		3E7F919026124A2D00B319E8 /* StarredPostViewController.swift */ = {isa = PBXFileReference; lastKnownFileType = sourcecode.swift; path = StarredPostViewController.swift; sourceTree = "<group>"; };
		3E7F919526124A3800B319E8 /* AllPostViewController.swift */ = {isa = PBXFileReference; lastKnownFileType = sourcecode.swift; path = AllPostViewController.swift; sourceTree = "<group>"; };
		ACA7BF0F260A328E00C108EC /* SettingViewController.swift */ = {isa = PBXFileReference; lastKnownFileType = sourcecode.swift; path = SettingViewController.swift; sourceTree = "<group>"; };
		ACA7BF22260C82FE00C108EC /* MyProfileEditViewController.swift */ = {isa = PBXFileReference; lastKnownFileType = sourcecode.swift; path = MyProfileEditViewController.swift; sourceTree = "<group>"; };
		ACA7BF352613761F00C108EC /* MyPostListViewController.swift */ = {isa = PBXFileReference; lastKnownFileType = sourcecode.swift; path = MyPostListViewController.swift; sourceTree = "<group>"; };
		ACA7BF3D2613767800C108EC /* MyPostMapViewController.swift */ = {isa = PBXFileReference; lastKnownFileType = sourcecode.swift; path = MyPostMapViewController.swift; sourceTree = "<group>"; };
/* End PBXFileReference section */

/* Begin PBXFrameworksBuildPhase section */
		3E464D7E26088FF600390A0B /* Frameworks */ = {
			isa = PBXFrameworksBuildPhase;
			buildActionMask = 2147483647;
			files = (
			);
			runOnlyForDeploymentPostprocessing = 0;
		};
		3E464D9726088FF800390A0B /* Frameworks */ = {
			isa = PBXFrameworksBuildPhase;
			buildActionMask = 2147483647;
			files = (
			);
			runOnlyForDeploymentPostprocessing = 0;
		};
		3E464DA226088FF800390A0B /* Frameworks */ = {
			isa = PBXFrameworksBuildPhase;
			buildActionMask = 2147483647;
			files = (
			);
			runOnlyForDeploymentPostprocessing = 0;
		};
/* End PBXFrameworksBuildPhase section */

/* Begin PBXGroup section */
		3E464D7826088FF600390A0B = {
			isa = PBXGroup;
			children = (
				3E464D8326088FF600390A0B /* Travelog */,
				3E464D9D26088FF800390A0B /* TravelogTests */,
				3E464DA826088FF800390A0B /* TravelogUITests */,
				3E464D8226088FF600390A0B /* Products */,
			);
			sourceTree = "<group>";
		};
		3E464D8226088FF600390A0B /* Products */ = {
			isa = PBXGroup;
			children = (
				3E464D8126088FF600390A0B /* Travelog.app */,
				3E464D9A26088FF800390A0B /* TravelogTests.xctest */,
				3E464DA526088FF800390A0B /* TravelogUITests.xctest */,
			);
			name = Products;
			sourceTree = "<group>";
		};
		3E464D8326088FF600390A0B /* Travelog */ = {
			isa = PBXGroup;
			children = (
				3E7F919526124A3800B319E8 /* AllPostViewController.swift */,
				3E7F919026124A2D00B319E8 /* StarredPostViewController.swift */,
				3E7F918B26124A1800B319E8 /* SearchViewController.swift */,
				3E464D8426088FF700390A0B /* AppDelegate.swift */,
				3E464D8626088FF700390A0B /* SceneDelegate.swift */,
				3E464D8826088FF700390A0B /* MyPostViewController.swift */,
				ACA7BF352613761F00C108EC /* MyPostListViewController.swift */,
				ACA7BF3D2613767800C108EC /* MyPostMapViewController.swift */,
				ACA7BF0F260A328E00C108EC /* SettingViewController.swift */,
				ACA7BF22260C82FE00C108EC /* MyProfileEditViewController.swift */,
				3E464D8A26088FF700390A0B /* Main.storyboard */,
				3E464D9026088FF800390A0B /* Assets.xcassets */,
				3E464D9226088FF800390A0B /* LaunchScreen.storyboard */,
				3E464D9526088FF800390A0B /* Info.plist */,
				3E464D8D26088FF700390A0B /* Travelog.xcdatamodeld */,
				3E6F507D260B9A4800B22252 /* PostThumbnail.swift */,
				3E6F508A260B9E0800B22252 /* ViewCell.swift */,
				3E0EAD592613170A009D8790 /* UploadPostViewController.swift */,
			);
			path = Travelog;
			sourceTree = "<group>";
		};
		3E464D9D26088FF800390A0B /* TravelogTests */ = {
			isa = PBXGroup;
			children = (
				3E464D9E26088FF800390A0B /* TravelogTests.swift */,
				3E464DA026088FF800390A0B /* Info.plist */,
			);
			path = TravelogTests;
			sourceTree = "<group>";
		};
		3E464DA826088FF800390A0B /* TravelogUITests */ = {
			isa = PBXGroup;
			children = (
				3E464DA926088FF800390A0B /* TravelogUITests.swift */,
				3E464DAB26088FF800390A0B /* Info.plist */,
			);
			path = TravelogUITests;
			sourceTree = "<group>";
		};
/* End PBXGroup section */

/* Begin PBXNativeTarget section */
		3E464D8026088FF600390A0B /* Travelog */ = {
			isa = PBXNativeTarget;
			buildConfigurationList = 3E464DAE26088FF800390A0B /* Build configuration list for PBXNativeTarget "Travelog" */;
			buildPhases = (
				3E464D7D26088FF600390A0B /* Sources */,
				3E464D7E26088FF600390A0B /* Frameworks */,
				3E464D7F26088FF600390A0B /* Resources */,
			);
			buildRules = (
			);
			dependencies = (
			);
			name = Travelog;
			productName = Travelog;
			productReference = 3E464D8126088FF600390A0B /* Travelog.app */;
			productType = "com.apple.product-type.application";
		};
		3E464D9926088FF800390A0B /* TravelogTests */ = {
			isa = PBXNativeTarget;
			buildConfigurationList = 3E464DB126088FF800390A0B /* Build configuration list for PBXNativeTarget "TravelogTests" */;
			buildPhases = (
				3E464D9626088FF800390A0B /* Sources */,
				3E464D9726088FF800390A0B /* Frameworks */,
				3E464D9826088FF800390A0B /* Resources */,
			);
			buildRules = (
			);
			dependencies = (
				3E464D9C26088FF800390A0B /* PBXTargetDependency */,
			);
			name = TravelogTests;
			productName = TravelogTests;
			productReference = 3E464D9A26088FF800390A0B /* TravelogTests.xctest */;
			productType = "com.apple.product-type.bundle.unit-test";
		};
		3E464DA426088FF800390A0B /* TravelogUITests */ = {
			isa = PBXNativeTarget;
			buildConfigurationList = 3E464DB426088FF800390A0B /* Build configuration list for PBXNativeTarget "TravelogUITests" */;
			buildPhases = (
				3E464DA126088FF800390A0B /* Sources */,
				3E464DA226088FF800390A0B /* Frameworks */,
				3E464DA326088FF800390A0B /* Resources */,
			);
			buildRules = (
			);
			dependencies = (
				3E464DA726088FF800390A0B /* PBXTargetDependency */,
			);
			name = TravelogUITests;
			productName = TravelogUITests;
			productReference = 3E464DA526088FF800390A0B /* TravelogUITests.xctest */;
			productType = "com.apple.product-type.bundle.ui-testing";
		};
/* End PBXNativeTarget section */

/* Begin PBXProject section */
		3E464D7926088FF600390A0B /* Project object */ = {
			isa = PBXProject;
			attributes = {
				LastSwiftUpdateCheck = 1240;
				LastUpgradeCheck = 1240;
				TargetAttributes = {
					3E464D8026088FF600390A0B = {
						CreatedOnToolsVersion = 12.4;
					};
					3E464D9926088FF800390A0B = {
						CreatedOnToolsVersion = 12.4;
						TestTargetID = 3E464D8026088FF600390A0B;
					};
					3E464DA426088FF800390A0B = {
						CreatedOnToolsVersion = 12.4;
						TestTargetID = 3E464D8026088FF600390A0B;
					};
				};
			};
			buildConfigurationList = 3E464D7C26088FF600390A0B /* Build configuration list for PBXProject "Travelog" */;
			compatibilityVersion = "Xcode 9.3";
			developmentRegion = en;
			hasScannedForEncodings = 0;
			knownRegions = (
				en,
				Base,
			);
			mainGroup = 3E464D7826088FF600390A0B;
			productRefGroup = 3E464D8226088FF600390A0B /* Products */;
			projectDirPath = "";
			projectRoot = "";
			targets = (
				3E464D8026088FF600390A0B /* Travelog */,
				3E464D9926088FF800390A0B /* TravelogTests */,
				3E464DA426088FF800390A0B /* TravelogUITests */,
			);
		};
/* End PBXProject section */

/* Begin PBXResourcesBuildPhase section */
		3E464D7F26088FF600390A0B /* Resources */ = {
			isa = PBXResourcesBuildPhase;
			buildActionMask = 2147483647;
			files = (
				3E464D9426088FF800390A0B /* LaunchScreen.storyboard in Resources */,
				3E464D9126088FF800390A0B /* Assets.xcassets in Resources */,
				3E464D8C26088FF700390A0B /* Main.storyboard in Resources */,
			);
			runOnlyForDeploymentPostprocessing = 0;
		};
		3E464D9826088FF800390A0B /* Resources */ = {
			isa = PBXResourcesBuildPhase;
			buildActionMask = 2147483647;
			files = (
			);
			runOnlyForDeploymentPostprocessing = 0;
		};
		3E464DA326088FF800390A0B /* Resources */ = {
			isa = PBXResourcesBuildPhase;
			buildActionMask = 2147483647;
			files = (
			);
			runOnlyForDeploymentPostprocessing = 0;
		};
/* End PBXResourcesBuildPhase section */

/* Begin PBXSourcesBuildPhase section */
		3E464D7D26088FF600390A0B /* Sources */ = {
			isa = PBXSourcesBuildPhase;
			buildActionMask = 2147483647;
			files = (
				ACA7BF362613761F00C108EC /* MyPostListViewController.swift in Sources */,
				3E7F918C26124A1800B319E8 /* SearchViewController.swift in Sources */,
				ACA7BF23260C82FF00C108EC /* MyProfileEditViewController.swift in Sources */,
				3E6F507E260B9A4800B22252 /* PostThumbnail.swift in Sources */,
				3E0EAD5A2613170A009D8790 /* UploadPostViewController.swift in Sources */,
				ACA7BF10260A328F00C108EC /* SettingViewController.swift in Sources */,
				3E7F919626124A3800B319E8 /* AllPostViewController.swift in Sources */,
				3E464D8926088FF700390A0B /* MyPostViewController.swift in Sources */,
				3E7F919126124A2D00B319E8 /* StarredPostViewController.swift in Sources */,
				3E464D8F26088FF700390A0B /* Travelog.xcdatamodeld in Sources */,
				3E6F508B260B9E0800B22252 /* ViewCell.swift in Sources */,
				3E464D8526088FF700390A0B /* AppDelegate.swift in Sources */,
				3E464D8726088FF700390A0B /* SceneDelegate.swift in Sources */,
				ACA7BF3E2613767800C108EC /* MyPostMapViewController.swift in Sources */,
			);
			runOnlyForDeploymentPostprocessing = 0;
		};
		3E464D9626088FF800390A0B /* Sources */ = {
			isa = PBXSourcesBuildPhase;
			buildActionMask = 2147483647;
			files = (
				3E464D9F26088FF800390A0B /* TravelogTests.swift in Sources */,
			);
			runOnlyForDeploymentPostprocessing = 0;
		};
		3E464DA126088FF800390A0B /* Sources */ = {
			isa = PBXSourcesBuildPhase;
			buildActionMask = 2147483647;
			files = (
				3E464DAA26088FF800390A0B /* TravelogUITests.swift in Sources */,
			);
			runOnlyForDeploymentPostprocessing = 0;
		};
/* End PBXSourcesBuildPhase section */

/* Begin PBXTargetDependency section */
		3E464D9C26088FF800390A0B /* PBXTargetDependency */ = {
			isa = PBXTargetDependency;
			target = 3E464D8026088FF600390A0B /* Travelog */;
			targetProxy = 3E464D9B26088FF800390A0B /* PBXContainerItemProxy */;
		};
		3E464DA726088FF800390A0B /* PBXTargetDependency */ = {
			isa = PBXTargetDependency;
			target = 3E464D8026088FF600390A0B /* Travelog */;
			targetProxy = 3E464DA626088FF800390A0B /* PBXContainerItemProxy */;
		};
/* End PBXTargetDependency section */

/* Begin PBXVariantGroup section */
		3E464D8A26088FF700390A0B /* Main.storyboard */ = {
			isa = PBXVariantGroup;
			children = (
				3E464D8B26088FF700390A0B /* Base */,
			);
			name = Main.storyboard;
			sourceTree = "<group>";
		};
		3E464D9226088FF800390A0B /* LaunchScreen.storyboard */ = {
			isa = PBXVariantGroup;
			children = (
				3E464D9326088FF800390A0B /* Base */,
			);
			name = LaunchScreen.storyboard;
			sourceTree = "<group>";
		};
/* End PBXVariantGroup section */

/* Begin XCBuildConfiguration section */
		3E464DAC26088FF800390A0B /* Debug */ = {
			isa = XCBuildConfiguration;
			buildSettings = {
				ALWAYS_SEARCH_USER_PATHS = NO;
				CLANG_ANALYZER_NONNULL = YES;
				CLANG_ANALYZER_NUMBER_OBJECT_CONVERSION = YES_AGGRESSIVE;
				CLANG_CXX_LANGUAGE_STANDARD = "gnu++14";
				CLANG_CXX_LIBRARY = "libc++";
				CLANG_ENABLE_MODULES = YES;
				CLANG_ENABLE_OBJC_ARC = YES;
				CLANG_ENABLE_OBJC_WEAK = YES;
				CLANG_WARN_BLOCK_CAPTURE_AUTORELEASING = YES;
				CLANG_WARN_BOOL_CONVERSION = YES;
				CLANG_WARN_COMMA = YES;
				CLANG_WARN_CONSTANT_CONVERSION = YES;
				CLANG_WARN_DEPRECATED_OBJC_IMPLEMENTATIONS = YES;
				CLANG_WARN_DIRECT_OBJC_ISA_USAGE = YES_ERROR;
				CLANG_WARN_DOCUMENTATION_COMMENTS = YES;
				CLANG_WARN_EMPTY_BODY = YES;
				CLANG_WARN_ENUM_CONVERSION = YES;
				CLANG_WARN_INFINITE_RECURSION = YES;
				CLANG_WARN_INT_CONVERSION = YES;
				CLANG_WARN_NON_LITERAL_NULL_CONVERSION = YES;
				CLANG_WARN_OBJC_IMPLICIT_RETAIN_SELF = YES;
				CLANG_WARN_OBJC_LITERAL_CONVERSION = YES;
				CLANG_WARN_OBJC_ROOT_CLASS = YES_ERROR;
				CLANG_WARN_QUOTED_INCLUDE_IN_FRAMEWORK_HEADER = YES;
				CLANG_WARN_RANGE_LOOP_ANALYSIS = YES;
				CLANG_WARN_STRICT_PROTOTYPES = YES;
				CLANG_WARN_SUSPICIOUS_MOVE = YES;
				CLANG_WARN_UNGUARDED_AVAILABILITY = YES_AGGRESSIVE;
				CLANG_WARN_UNREACHABLE_CODE = YES;
				CLANG_WARN__DUPLICATE_METHOD_MATCH = YES;
				COPY_PHASE_STRIP = NO;
				DEBUG_INFORMATION_FORMAT = dwarf;
				ENABLE_STRICT_OBJC_MSGSEND = YES;
				ENABLE_TESTABILITY = YES;
				GCC_C_LANGUAGE_STANDARD = gnu11;
				GCC_DYNAMIC_NO_PIC = NO;
				GCC_NO_COMMON_BLOCKS = YES;
				GCC_OPTIMIZATION_LEVEL = 0;
				GCC_PREPROCESSOR_DEFINITIONS = (
					"DEBUG=1",
					"$(inherited)",
				);
				GCC_WARN_64_TO_32_BIT_CONVERSION = YES;
				GCC_WARN_ABOUT_RETURN_TYPE = YES_ERROR;
				GCC_WARN_UNDECLARED_SELECTOR = YES;
				GCC_WARN_UNINITIALIZED_AUTOS = YES_AGGRESSIVE;
				GCC_WARN_UNUSED_FUNCTION = YES;
				GCC_WARN_UNUSED_VARIABLE = YES;
				IPHONEOS_DEPLOYMENT_TARGET = 14.4;
				MTL_ENABLE_DEBUG_INFO = INCLUDE_SOURCE;
				MTL_FAST_MATH = YES;
				ONLY_ACTIVE_ARCH = YES;
				SDKROOT = iphoneos;
				SWIFT_ACTIVE_COMPILATION_CONDITIONS = DEBUG;
				SWIFT_OPTIMIZATION_LEVEL = "-Onone";
			};
			name = Debug;
		};
		3E464DAD26088FF800390A0B /* Release */ = {
			isa = XCBuildConfiguration;
			buildSettings = {
				ALWAYS_SEARCH_USER_PATHS = NO;
				CLANG_ANALYZER_NONNULL = YES;
				CLANG_ANALYZER_NUMBER_OBJECT_CONVERSION = YES_AGGRESSIVE;
				CLANG_CXX_LANGUAGE_STANDARD = "gnu++14";
				CLANG_CXX_LIBRARY = "libc++";
				CLANG_ENABLE_MODULES = YES;
				CLANG_ENABLE_OBJC_ARC = YES;
				CLANG_ENABLE_OBJC_WEAK = YES;
				CLANG_WARN_BLOCK_CAPTURE_AUTORELEASING = YES;
				CLANG_WARN_BOOL_CONVERSION = YES;
				CLANG_WARN_COMMA = YES;
				CLANG_WARN_CONSTANT_CONVERSION = YES;
				CLANG_WARN_DEPRECATED_OBJC_IMPLEMENTATIONS = YES;
				CLANG_WARN_DIRECT_OBJC_ISA_USAGE = YES_ERROR;
				CLANG_WARN_DOCUMENTATION_COMMENTS = YES;
				CLANG_WARN_EMPTY_BODY = YES;
				CLANG_WARN_ENUM_CONVERSION = YES;
				CLANG_WARN_INFINITE_RECURSION = YES;
				CLANG_WARN_INT_CONVERSION = YES;
				CLANG_WARN_NON_LITERAL_NULL_CONVERSION = YES;
				CLANG_WARN_OBJC_IMPLICIT_RETAIN_SELF = YES;
				CLANG_WARN_OBJC_LITERAL_CONVERSION = YES;
				CLANG_WARN_OBJC_ROOT_CLASS = YES_ERROR;
				CLANG_WARN_QUOTED_INCLUDE_IN_FRAMEWORK_HEADER = YES;
				CLANG_WARN_RANGE_LOOP_ANALYSIS = YES;
				CLANG_WARN_STRICT_PROTOTYPES = YES;
				CLANG_WARN_SUSPICIOUS_MOVE = YES;
				CLANG_WARN_UNGUARDED_AVAILABILITY = YES_AGGRESSIVE;
				CLANG_WARN_UNREACHABLE_CODE = YES;
				CLANG_WARN__DUPLICATE_METHOD_MATCH = YES;
				COPY_PHASE_STRIP = NO;
				DEBUG_INFORMATION_FORMAT = "dwarf-with-dsym";
				ENABLE_NS_ASSERTIONS = NO;
				ENABLE_STRICT_OBJC_MSGSEND = YES;
				GCC_C_LANGUAGE_STANDARD = gnu11;
				GCC_NO_COMMON_BLOCKS = YES;
				GCC_WARN_64_TO_32_BIT_CONVERSION = YES;
				GCC_WARN_ABOUT_RETURN_TYPE = YES_ERROR;
				GCC_WARN_UNDECLARED_SELECTOR = YES;
				GCC_WARN_UNINITIALIZED_AUTOS = YES_AGGRESSIVE;
				GCC_WARN_UNUSED_FUNCTION = YES;
				GCC_WARN_UNUSED_VARIABLE = YES;
				IPHONEOS_DEPLOYMENT_TARGET = 14.4;
				MTL_ENABLE_DEBUG_INFO = NO;
				MTL_FAST_MATH = YES;
				SDKROOT = iphoneos;
				SWIFT_COMPILATION_MODE = wholemodule;
				SWIFT_OPTIMIZATION_LEVEL = "-O";
				VALIDATE_PRODUCT = YES;
			};
			name = Release;
		};
		3E464DAF26088FF800390A0B /* Debug */ = {
			isa = XCBuildConfiguration;
			buildSettings = {
				ASSETCATALOG_COMPILER_APPICON_NAME = AppIcon;
				ASSETCATALOG_COMPILER_GLOBAL_ACCENT_COLOR_NAME = AccentColor;
				CODE_SIGN_STYLE = Automatic;
				DEVELOPMENT_TEAM = VN536PVMHM;
				INFOPLIST_FILE = Travelog/Info.plist;
				LD_RUNPATH_SEARCH_PATHS = (
					"$(inherited)",
					"@executable_path/Frameworks",
				);
				PRODUCT_BUNDLE_IDENTIFIER = com.kau.Travelog;
				PRODUCT_NAME = "$(TARGET_NAME)";
				SWIFT_VERSION = 5.0;
				TARGETED_DEVICE_FAMILY = "1,2";
			};
			name = Debug;
		};
		3E464DB026088FF800390A0B /* Release */ = {
			isa = XCBuildConfiguration;
			buildSettings = {
				ASSETCATALOG_COMPILER_APPICON_NAME = AppIcon;
				ASSETCATALOG_COMPILER_GLOBAL_ACCENT_COLOR_NAME = AccentColor;
				CODE_SIGN_STYLE = Automatic;
				DEVELOPMENT_TEAM = VN536PVMHM;
				INFOPLIST_FILE = Travelog/Info.plist;
				LD_RUNPATH_SEARCH_PATHS = (
					"$(inherited)",
					"@executable_path/Frameworks",
				);
				PRODUCT_BUNDLE_IDENTIFIER = com.kau.Travelog;
				PRODUCT_NAME = "$(TARGET_NAME)";
				SWIFT_VERSION = 5.0;
				TARGETED_DEVICE_FAMILY = "1,2";
			};
			name = Release;
		};
		3E464DB226088FF800390A0B /* Debug */ = {
			isa = XCBuildConfiguration;
			buildSettings = {
				ALWAYS_EMBED_SWIFT_STANDARD_LIBRARIES = YES;
				BUNDLE_LOADER = "$(TEST_HOST)";
				CODE_SIGN_STYLE = Automatic;
				DEVELOPMENT_TEAM = VN536PVMHM;
				INFOPLIST_FILE = TravelogTests/Info.plist;
				IPHONEOS_DEPLOYMENT_TARGET = 14.4;
				LD_RUNPATH_SEARCH_PATHS = (
					"$(inherited)",
					"@executable_path/Frameworks",
					"@loader_path/Frameworks",
				);
				PRODUCT_BUNDLE_IDENTIFIER = com.kau.TravelogTests;
				PRODUCT_NAME = "$(TARGET_NAME)";
				SWIFT_VERSION = 5.0;
				TARGETED_DEVICE_FAMILY = "1,2";
				TEST_HOST = "$(BUILT_PRODUCTS_DIR)/Travelog.app/Travelog";
			};
			name = Debug;
		};
		3E464DB326088FF800390A0B /* Release */ = {
			isa = XCBuildConfiguration;
			buildSettings = {
				ALWAYS_EMBED_SWIFT_STANDARD_LIBRARIES = YES;
				BUNDLE_LOADER = "$(TEST_HOST)";
				CODE_SIGN_STYLE = Automatic;
				DEVELOPMENT_TEAM = VN536PVMHM;
				INFOPLIST_FILE = TravelogTests/Info.plist;
				IPHONEOS_DEPLOYMENT_TARGET = 14.4;
				LD_RUNPATH_SEARCH_PATHS = (
					"$(inherited)",
					"@executable_path/Frameworks",
					"@loader_path/Frameworks",
				);
				PRODUCT_BUNDLE_IDENTIFIER = com.kau.TravelogTests;
				PRODUCT_NAME = "$(TARGET_NAME)";
				SWIFT_VERSION = 5.0;
				TARGETED_DEVICE_FAMILY = "1,2";
				TEST_HOST = "$(BUILT_PRODUCTS_DIR)/Travelog.app/Travelog";
			};
			name = Release;
		};
		3E464DB526088FF800390A0B /* Debug */ = {
			isa = XCBuildConfiguration;
			buildSettings = {
				ALWAYS_EMBED_SWIFT_STANDARD_LIBRARIES = YES;
				CODE_SIGN_STYLE = Automatic;
				DEVELOPMENT_TEAM = VN536PVMHM;
				INFOPLIST_FILE = TravelogUITests/Info.plist;
				LD_RUNPATH_SEARCH_PATHS = (
					"$(inherited)",
					"@executable_path/Frameworks",
					"@loader_path/Frameworks",
				);
				PRODUCT_BUNDLE_IDENTIFIER = com.kau.TravelogUITests;
				PRODUCT_NAME = "$(TARGET_NAME)";
				SWIFT_VERSION = 5.0;
				TARGETED_DEVICE_FAMILY = "1,2";
				TEST_TARGET_NAME = Travelog;
			};
			name = Debug;
		};
		3E464DB626088FF800390A0B /* Release */ = {
			isa = XCBuildConfiguration;
			buildSettings = {
				ALWAYS_EMBED_SWIFT_STANDARD_LIBRARIES = YES;
				CODE_SIGN_STYLE = Automatic;
				DEVELOPMENT_TEAM = VN536PVMHM;
				INFOPLIST_FILE = TravelogUITests/Info.plist;
				LD_RUNPATH_SEARCH_PATHS = (
					"$(inherited)",
					"@executable_path/Frameworks",
					"@loader_path/Frameworks",
				);
				PRODUCT_BUNDLE_IDENTIFIER = com.kau.TravelogUITests;
				PRODUCT_NAME = "$(TARGET_NAME)";
				SWIFT_VERSION = 5.0;
				TARGETED_DEVICE_FAMILY = "1,2";
				TEST_TARGET_NAME = Travelog;
			};
			name = Release;
		};
/* End XCBuildConfiguration section */

/* Begin XCConfigurationList section */
		3E464D7C26088FF600390A0B /* Build configuration list for PBXProject "Travelog" */ = {
			isa = XCConfigurationList;
			buildConfigurations = (
				3E464DAC26088FF800390A0B /* Debug */,
				3E464DAD26088FF800390A0B /* Release */,
			);
			defaultConfigurationIsVisible = 0;
			defaultConfigurationName = Release;
		};
		3E464DAE26088FF800390A0B /* Build configuration list for PBXNativeTarget "Travelog" */ = {
			isa = XCConfigurationList;
			buildConfigurations = (
				3E464DAF26088FF800390A0B /* Debug */,
				3E464DB026088FF800390A0B /* Release */,
			);
			defaultConfigurationIsVisible = 0;
			defaultConfigurationName = Release;
		};
		3E464DB126088FF800390A0B /* Build configuration list for PBXNativeTarget "TravelogTests" */ = {
			isa = XCConfigurationList;
			buildConfigurations = (
				3E464DB226088FF800390A0B /* Debug */,
				3E464DB326088FF800390A0B /* Release */,
			);
			defaultConfigurationIsVisible = 0;
			defaultConfigurationName = Release;
		};
		3E464DB426088FF800390A0B /* Build configuration list for PBXNativeTarget "TravelogUITests" */ = {
			isa = XCConfigurationList;
			buildConfigurations = (
				3E464DB526088FF800390A0B /* Debug */,
				3E464DB626088FF800390A0B /* Release */,
			);
			defaultConfigurationIsVisible = 0;
			defaultConfigurationName = Release;
		};
/* End XCConfigurationList section */

/* Begin XCVersionGroup section */
		3E464D8D26088FF700390A0B /* Travelog.xcdatamodeld */ = {
			isa = XCVersionGroup;
			children = (
				3E464D8E26088FF700390A0B /* Travelog.xcdatamodel */,
			);
			currentVersion = 3E464D8E26088FF700390A0B /* Travelog.xcdatamodel */;
			path = Travelog.xcdatamodeld;
			sourceTree = "<group>";
			versionGroupType = wrapper.xcdatamodel;
		};
/* End XCVersionGroup section */
	};
	rootObject = 3E464D7926088FF600390A0B /* Project object */;
}
