// !$*UTF8*$!
{
	archiveVersion = 1;
	classes = {
	};
	objectVersion = 51;
	objects = {

/* Begin PBXBuildFile section */
		0C263619435BB98422CB3B26 /* Pods_TravelogTests.framework in Frameworks */ = {isa = PBXBuildFile; fileRef = 1DDCB900C2B65E19BDEE17D5 /* Pods_TravelogTests.framework */; };
		3E04BB65262735A500362303 /* SelectedLocationViewController.swift in Sources */ = {isa = PBXBuildFile; fileRef = 3E04BB64262735A500362303 /* SelectedLocationViewController.swift */; };
		3E0FE1D72625E2D3004E93E7 /* AddButtonCollectionViewCell.swift in Sources */ = {isa = PBXBuildFile; fileRef = 3E0FE1D62625E2D3004E93E7 /* AddButtonCollectionViewCell.swift */; };
		3E1322A92624639800D52C7D /* SelectedPhotoViewController.swift in Sources */ = {isa = PBXBuildFile; fileRef = 3E1322A82624639800D52C7D /* SelectedPhotoViewController.swift */; };
		3E1322AE262467CF00D52C7D /* SelectedPhotoCollectionViewCell.swift in Sources */ = {isa = PBXBuildFile; fileRef = 3E1322AD262467CF00D52C7D /* SelectedPhotoCollectionViewCell.swift */; };
		3E13E1B12655612A00D308BB /* SignInViewController.swift in Sources */ = {isa = PBXBuildFile; fileRef = 3E13E1B02655612A00D308BB /* SignInViewController.swift */; };
		3E13E1B32655780D00D308BB /* LoadingViewController.swift in Sources */ = {isa = PBXBuildFile; fileRef = 3E13E1B22655780D00D308BB /* LoadingViewController.swift */; };
		3E13E1B526557C9500D308BB /* User.swift in Sources */ = {isa = PBXBuildFile; fileRef = 3E13E1B426557C9500D308BB /* User.swift */; };
		3E13E1B726557C9D00D308BB /* UserService.swift in Sources */ = {isa = PBXBuildFile; fileRef = 3E13E1B626557C9D00D308BB /* UserService.swift */; };
		3E33A940262DDFAC00ABCA8A /* Location.swift in Sources */ = {isa = PBXBuildFile; fileRef = 3E33A93F262DDFAC00ABCA8A /* Location.swift */; };
		3E350E14266BD1B0003C4437 /* CommonExtension.swift in Sources */ = {isa = PBXBuildFile; fileRef = 3E350E13266BD1AF003C4437 /* CommonExtension.swift */; };
		3E464D8526088FF700390A0B /* AppDelegate.swift in Sources */ = {isa = PBXBuildFile; fileRef = 3E464D8426088FF700390A0B /* AppDelegate.swift */; };
		3E464D8726088FF700390A0B /* SceneDelegate.swift in Sources */ = {isa = PBXBuildFile; fileRef = 3E464D8626088FF700390A0B /* SceneDelegate.swift */; };
		3E464D8926088FF700390A0B /* MyPostViewController.swift in Sources */ = {isa = PBXBuildFile; fileRef = 3E464D8826088FF700390A0B /* MyPostViewController.swift */; };
		3E464D8C26088FF700390A0B /* Main.storyboard in Resources */ = {isa = PBXBuildFile; fileRef = 3E464D8A26088FF700390A0B /* Main.storyboard */; };
		3E464D8F26088FF700390A0B /* Travelog.xcdatamodeld in Sources */ = {isa = PBXBuildFile; fileRef = 3E464D8D26088FF700390A0B /* Travelog.xcdatamodeld */; };
		3E464D9126088FF800390A0B /* Assets.xcassets in Resources */ = {isa = PBXBuildFile; fileRef = 3E464D9026088FF800390A0B /* Assets.xcassets */; };
		3E464D9426088FF800390A0B /* LaunchScreen.storyboard in Resources */ = {isa = PBXBuildFile; fileRef = 3E464D9226088FF800390A0B /* LaunchScreen.storyboard */; };
		3E464D9F26088FF800390A0B /* TravelogTests.swift in Sources */ = {isa = PBXBuildFile; fileRef = 3E464D9E26088FF800390A0B /* TravelogTests.swift */; };
		3E464DAA26088FF800390A0B /* TravelogUITests.swift in Sources */ = {isa = PBXBuildFile; fileRef = 3E464DA926088FF800390A0B /* TravelogUITests.swift */; };
		3E5CF6D22659476600847F84 /* ClusterAnnotationView.swift in Sources */ = {isa = PBXBuildFile; fileRef = 3E5CF6D12659476600847F84 /* ClusterAnnotationView.swift */; };
		3E5CF6D42659478C00847F84 /* MapItemAnnotationView.swift in Sources */ = {isa = PBXBuildFile; fileRef = 3E5CF6D32659478C00847F84 /* MapItemAnnotationView.swift */; };
		3E5CF6D62659486800847F84 /* MapItem.swift in Sources */ = {isa = PBXBuildFile; fileRef = 3E5CF6D52659486800847F84 /* MapItem.swift */; };
		3E6F507E260B9A4800B22252 /* PostThumbnail.swift in Sources */ = {isa = PBXBuildFile; fileRef = 3E6F507D260B9A4800B22252 /* PostThumbnail.swift */; };
		3E6F508B260B9E0800B22252 /* MyPostViewCell.swift in Sources */ = {isa = PBXBuildFile; fileRef = 3E6F508A260B9E0800B22252 /* MyPostViewCell.swift */; };
		3E74B9D0261C61BF00AE1CB6 /* UploadPostViewController.swift in Sources */ = {isa = PBXBuildFile; fileRef = 3E74B9CF261C61BF00AE1CB6 /* UploadPostViewController.swift */; };
		3E7701802656B1F700D9590E /* SignUpViewController.swift in Sources */ = {isa = PBXBuildFile; fileRef = 3E77017F2656B1F700D9590E /* SignUpViewController.swift */; };
		3E7F918C26124A1800B319E8 /* SearchViewController.swift in Sources */ = {isa = PBXBuildFile; fileRef = 3E7F918B26124A1800B319E8 /* SearchViewController.swift */; };
		3E7F919126124A2D00B319E8 /* StarredPostViewController.swift in Sources */ = {isa = PBXBuildFile; fileRef = 3E7F919026124A2D00B319E8 /* StarredPostViewController.swift */; };
		3E7F919626124A3800B319E8 /* AttractionListViewController.swift in Sources */ = {isa = PBXBuildFile; fileRef = 3E7F919526124A3800B319E8 /* AttractionListViewController.swift */; };
		3E8EB2002663F557004ECFDB /* AttractionService.swift in Sources */ = {isa = PBXBuildFile; fileRef = 3E8EB1FF2663F557004ECFDB /* AttractionService.swift */; };
		3E8EB2022663F5A1004ECFDB /* Attraction.swift in Sources */ = {isa = PBXBuildFile; fileRef = 3E8EB2012663F5A1004ECFDB /* Attraction.swift */; };
		3E8EB2062663FD2F004ECFDB /* AttractionCollectionViewCell.swift in Sources */ = {isa = PBXBuildFile; fileRef = 3E8EB2052663FD2F004ECFDB /* AttractionCollectionViewCell.swift */; };
		3EA87B982667D206000A1345 /* AttractionPostListViewController.swift in Sources */ = {isa = PBXBuildFile; fileRef = 3EA87B972667D206000A1345 /* AttractionPostListViewController.swift */; };
		3EC3A4F8261DD1D2004BA4FF /* LocationSearchViewController.swift in Sources */ = {isa = PBXBuildFile; fileRef = 3EC3A4F7261DD1D2004BA4FF /* LocationSearchViewController.swift */; };
		3EC3A4FD261E1461004BA4FF /* LocationSearchTableViewCell.swift in Sources */ = {isa = PBXBuildFile; fileRef = 3EC3A4FC261E1461004BA4FF /* LocationSearchTableViewCell.swift */; };
		3EF3BA702648291F006B1DCA /* PostOverview.swift in Sources */ = {isa = PBXBuildFile; fileRef = 3EF3BA6F2648291F006B1DCA /* PostOverview.swift */; };
		3EF3BA7226482ABA006B1DCA /* PostDetail.swift in Sources */ = {isa = PBXBuildFile; fileRef = 3EF3BA7126482ABA006B1DCA /* PostDetail.swift */; };
		3EF3BA7426482C04006B1DCA /* PostService.swift in Sources */ = {isa = PBXBuildFile; fileRef = 3EF3BA7326482C04006B1DCA /* PostService.swift */; };
		3EF8C41B262AF67800F7F7A4 /* GoogleService-Info.plist in Resources */ = {isa = PBXBuildFile; fileRef = 3EF8C41A262AF67800F7F7A4 /* GoogleService-Info.plist */; };
		AC3B52AC263F73B7007F0D78 /* StarredPostDetailViewController.swift in Sources */ = {isa = PBXBuildFile; fileRef = AC3B52AB263F73B7007F0D78 /* StarredPostDetailViewController.swift */; };
		AC54C5B1261D6EED0020980D /* StarredPostList.swift in Sources */ = {isa = PBXBuildFile; fileRef = AC54C5AD261D6EED0020980D /* StarredPostList.swift */; };
		AC54C5B2261D6EED0020980D /* SelfConfiguringCell.swift in Sources */ = {isa = PBXBuildFile; fileRef = AC54C5AE261D6EED0020980D /* SelfConfiguringCell.swift */; };
		AC54C5B3261D6EED0020980D /* StarredPostListCell.swift in Sources */ = {isa = PBXBuildFile; fileRef = AC54C5AF261D6EED0020980D /* StarredPostListCell.swift */; };
		AC54C5BF261D6F3A0020980D /* Section.swift in Sources */ = {isa = PBXBuildFile; fileRef = AC54C5BE261D6F3A0020980D /* Section.swift */; };
		AC5D30BD262F405200F2C920 /* StarredPostLocation.swift in Sources */ = {isa = PBXBuildFile; fileRef = AC5D30BC262F405200F2C920 /* StarredPostLocation.swift */; };
		AC6BD234264307B100AA0826 /* CommentViewController.swift in Sources */ = {isa = PBXBuildFile; fileRef = AC6BD233264307B100AA0826 /* CommentViewController.swift */; };
		AC7F7D582663F6EF00270806 /* StarredPostDetailImageCell.swift in Sources */ = {isa = PBXBuildFile; fileRef = AC7F7D572663F6EF00270806 /* StarredPostDetailImageCell.swift */; };
		ACA7BF10260A328F00C108EC /* SettingViewController.swift in Sources */ = {isa = PBXBuildFile; fileRef = ACA7BF0F260A328E00C108EC /* SettingViewController.swift */; };
		ACA7BF362613761F00C108EC /* MyPostListViewController.swift in Sources */ = {isa = PBXBuildFile; fileRef = ACA7BF352613761F00C108EC /* MyPostListViewController.swift */; };
		ACA7BF3E2613767800C108EC /* MyPostMapViewController.swift in Sources */ = {isa = PBXBuildFile; fileRef = ACA7BF3D2613767800C108EC /* MyPostMapViewController.swift */; };
		ACD9407426685807005E4148 /* SearchViewPostCell.swift in Sources */ = {isa = PBXBuildFile; fileRef = ACD9407326685807005E4148 /* SearchViewPostCell.swift */; };
		ACE90859261B7F160087F6AA /* StarredPostMapViewController.swift in Sources */ = {isa = PBXBuildFile; fileRef = ACE90858261B7F160087F6AA /* StarredPostMapViewController.swift */; };
		ACE9085E261B7F8D0087F6AA /* StarredPostListViewController.swift in Sources */ = {isa = PBXBuildFile; fileRef = ACE9085D261B7F8D0087F6AA /* StarredPostListViewController.swift */; };
		ACE90875261C31D70087F6AA /* Bundle-Decodable.swift in Sources */ = {isa = PBXBuildFile; fileRef = ACE90874261C31D70087F6AA /* Bundle-Decodable.swift */; };
		ACE90885261C33970087F6AA /* StarredPostList.json in Resources */ = {isa = PBXBuildFile; fileRef = ACE90884261C33970087F6AA /* StarredPostList.json */; };
		C8C5CF520D769178F7D30738 /* Pods_Travelog.framework in Frameworks */ = {isa = PBXBuildFile; fileRef = 53ECBF0DEDC9E59E3D0AC49A /* Pods_Travelog.framework */; };
		F905161DA84603C1458B2450 /* Pods_Travelog_TravelogUITests.framework in Frameworks */ = {isa = PBXBuildFile; fileRef = 0709ED7BCDC4A87A48341416 /* Pods_Travelog_TravelogUITests.framework */; };
/* End PBXBuildFile section */

/* Begin PBXContainerItemProxy section */
		3E464D9B26088FF800390A0B /* PBXContainerItemProxy */ = {
			isa = PBXContainerItemProxy;
			containerPortal = 3E464D7926088FF600390A0B /* Project object */;
			proxyType = 1;
			remoteGlobalIDString = 3E464D8026088FF600390A0B;
			remoteInfo = Travelog;
		};
		3E464DA626088FF800390A0B /* PBXContainerItemProxy */ = {
			isa = PBXContainerItemProxy;
			containerPortal = 3E464D7926088FF600390A0B /* Project object */;
			proxyType = 1;
			remoteGlobalIDString = 3E464D8026088FF600390A0B;
			remoteInfo = Travelog;
		};
/* End PBXContainerItemProxy section */

/* Begin PBXFileReference section */
		0709ED7BCDC4A87A48341416 /* Pods_Travelog_TravelogUITests.framework */ = {isa = PBXFileReference; explicitFileType = wrapper.framework; includeInIndex = 0; path = Pods_Travelog_TravelogUITests.framework; sourceTree = BUILT_PRODUCTS_DIR; };
		19F31494A9CD119F65AF8AA6 /* Pods-TravelogTests.release.xcconfig */ = {isa = PBXFileReference; includeInIndex = 1; lastKnownFileType = text.xcconfig; name = "Pods-TravelogTests.release.xcconfig"; path = "Target Support Files/Pods-TravelogTests/Pods-TravelogTests.release.xcconfig"; sourceTree = "<group>"; };
		1DDCB900C2B65E19BDEE17D5 /* Pods_TravelogTests.framework */ = {isa = PBXFileReference; explicitFileType = wrapper.framework; includeInIndex = 0; path = Pods_TravelogTests.framework; sourceTree = BUILT_PRODUCTS_DIR; };
		211EC349DC7F3D96D8A74D6C /* Pods-Travelog.release.xcconfig */ = {isa = PBXFileReference; includeInIndex = 1; lastKnownFileType = text.xcconfig; name = "Pods-Travelog.release.xcconfig"; path = "Target Support Files/Pods-Travelog/Pods-Travelog.release.xcconfig"; sourceTree = "<group>"; };
		3E04BB64262735A500362303 /* SelectedLocationViewController.swift */ = {isa = PBXFileReference; lastKnownFileType = sourcecode.swift; path = SelectedLocationViewController.swift; sourceTree = "<group>"; };
		3E0FE1D62625E2D3004E93E7 /* AddButtonCollectionViewCell.swift */ = {isa = PBXFileReference; lastKnownFileType = sourcecode.swift; path = AddButtonCollectionViewCell.swift; sourceTree = "<group>"; };
		3E1322A82624639800D52C7D /* SelectedPhotoViewController.swift */ = {isa = PBXFileReference; lastKnownFileType = sourcecode.swift; path = SelectedPhotoViewController.swift; sourceTree = "<group>"; };
		3E1322AD262467CF00D52C7D /* SelectedPhotoCollectionViewCell.swift */ = {isa = PBXFileReference; lastKnownFileType = sourcecode.swift; path = SelectedPhotoCollectionViewCell.swift; sourceTree = "<group>"; };
		3E13E1B02655612A00D308BB /* SignInViewController.swift */ = {isa = PBXFileReference; lastKnownFileType = sourcecode.swift; path = SignInViewController.swift; sourceTree = "<group>"; };
		3E13E1B22655780D00D308BB /* LoadingViewController.swift */ = {isa = PBXFileReference; lastKnownFileType = sourcecode.swift; path = LoadingViewController.swift; sourceTree = "<group>"; };
		3E13E1B426557C9500D308BB /* User.swift */ = {isa = PBXFileReference; lastKnownFileType = sourcecode.swift; path = User.swift; sourceTree = "<group>"; };
		3E13E1B626557C9D00D308BB /* UserService.swift */ = {isa = PBXFileReference; lastKnownFileType = sourcecode.swift; path = UserService.swift; sourceTree = "<group>"; };
		3E33A93F262DDFAC00ABCA8A /* Location.swift */ = {isa = PBXFileReference; lastKnownFileType = sourcecode.swift; path = Location.swift; sourceTree = "<group>"; };
		3E350E13266BD1AF003C4437 /* CommonExtension.swift */ = {isa = PBXFileReference; lastKnownFileType = sourcecode.swift; path = CommonExtension.swift; sourceTree = "<group>"; };
		3E464D8126088FF600390A0B /* Travelog.app */ = {isa = PBXFileReference; explicitFileType = wrapper.application; includeInIndex = 0; path = Travelog.app; sourceTree = BUILT_PRODUCTS_DIR; };
		3E464D8426088FF700390A0B /* AppDelegate.swift */ = {isa = PBXFileReference; lastKnownFileType = sourcecode.swift; path = AppDelegate.swift; sourceTree = "<group>"; };
		3E464D8626088FF700390A0B /* SceneDelegate.swift */ = {isa = PBXFileReference; lastKnownFileType = sourcecode.swift; path = SceneDelegate.swift; sourceTree = "<group>"; };
		3E464D8826088FF700390A0B /* MyPostViewController.swift */ = {isa = PBXFileReference; lastKnownFileType = sourcecode.swift; path = MyPostViewController.swift; sourceTree = "<group>"; };
		3E464D8B26088FF700390A0B /* Base */ = {isa = PBXFileReference; lastKnownFileType = file.storyboard; name = Base; path = Base.lproj/Main.storyboard; sourceTree = "<group>"; };
		3E464D8E26088FF700390A0B /* Travelog.xcdatamodel */ = {isa = PBXFileReference; lastKnownFileType = wrapper.xcdatamodel; path = Travelog.xcdatamodel; sourceTree = "<group>"; };
		3E464D9026088FF800390A0B /* Assets.xcassets */ = {isa = PBXFileReference; lastKnownFileType = folder.assetcatalog; path = Assets.xcassets; sourceTree = "<group>"; };
		3E464D9326088FF800390A0B /* Base */ = {isa = PBXFileReference; lastKnownFileType = file.storyboard; name = Base; path = Base.lproj/LaunchScreen.storyboard; sourceTree = "<group>"; };
		3E464D9526088FF800390A0B /* Info.plist */ = {isa = PBXFileReference; lastKnownFileType = text.plist.xml; path = Info.plist; sourceTree = "<group>"; };
		3E464D9A26088FF800390A0B /* TravelogTests.xctest */ = {isa = PBXFileReference; explicitFileType = wrapper.cfbundle; includeInIndex = 0; path = TravelogTests.xctest; sourceTree = BUILT_PRODUCTS_DIR; };
		3E464D9E26088FF800390A0B /* TravelogTests.swift */ = {isa = PBXFileReference; lastKnownFileType = sourcecode.swift; path = TravelogTests.swift; sourceTree = "<group>"; };
		3E464DA026088FF800390A0B /* Info.plist */ = {isa = PBXFileReference; lastKnownFileType = text.plist.xml; path = Info.plist; sourceTree = "<group>"; };
		3E464DA526088FF800390A0B /* TravelogUITests.xctest */ = {isa = PBXFileReference; explicitFileType = wrapper.cfbundle; includeInIndex = 0; path = TravelogUITests.xctest; sourceTree = BUILT_PRODUCTS_DIR; };
		3E464DA926088FF800390A0B /* TravelogUITests.swift */ = {isa = PBXFileReference; lastKnownFileType = sourcecode.swift; path = TravelogUITests.swift; sourceTree = "<group>"; };
		3E464DAB26088FF800390A0B /* Info.plist */ = {isa = PBXFileReference; lastKnownFileType = text.plist.xml; path = Info.plist; sourceTree = "<group>"; };
		3E5CF6D12659476600847F84 /* ClusterAnnotationView.swift */ = {isa = PBXFileReference; lastKnownFileType = sourcecode.swift; path = ClusterAnnotationView.swift; sourceTree = "<group>"; };
		3E5CF6D32659478C00847F84 /* MapItemAnnotationView.swift */ = {isa = PBXFileReference; lastKnownFileType = sourcecode.swift; path = MapItemAnnotationView.swift; sourceTree = "<group>"; };
		3E5CF6D52659486800847F84 /* MapItem.swift */ = {isa = PBXFileReference; lastKnownFileType = sourcecode.swift; path = MapItem.swift; sourceTree = "<group>"; };
		3E6F507D260B9A4800B22252 /* PostThumbnail.swift */ = {isa = PBXFileReference; lastKnownFileType = sourcecode.swift; path = PostThumbnail.swift; sourceTree = "<group>"; };
		3E6F508A260B9E0800B22252 /* MyPostViewCell.swift */ = {isa = PBXFileReference; lastKnownFileType = sourcecode.swift; path = MyPostViewCell.swift; sourceTree = "<group>"; };
		3E74B9CF261C61BF00AE1CB6 /* UploadPostViewController.swift */ = {isa = PBXFileReference; lastKnownFileType = sourcecode.swift; path = UploadPostViewController.swift; sourceTree = "<group>"; };
		3E77017F2656B1F700D9590E /* SignUpViewController.swift */ = {isa = PBXFileReference; lastKnownFileType = sourcecode.swift; path = SignUpViewController.swift; sourceTree = "<group>"; };
		3E7F918B26124A1800B319E8 /* SearchViewController.swift */ = {isa = PBXFileReference; lastKnownFileType = sourcecode.swift; path = SearchViewController.swift; sourceTree = "<group>"; };
		3E7F919026124A2D00B319E8 /* StarredPostViewController.swift */ = {isa = PBXFileReference; lastKnownFileType = sourcecode.swift; path = StarredPostViewController.swift; sourceTree = "<group>"; };
		3E7F919526124A3800B319E8 /* AttractionListViewController.swift */ = {isa = PBXFileReference; lastKnownFileType = sourcecode.swift; path = AttractionListViewController.swift; sourceTree = "<group>"; };
		3E8EB1FF2663F557004ECFDB /* AttractionService.swift */ = {isa = PBXFileReference; lastKnownFileType = sourcecode.swift; path = AttractionService.swift; sourceTree = "<group>"; };
		3E8EB2012663F5A1004ECFDB /* Attraction.swift */ = {isa = PBXFileReference; lastKnownFileType = sourcecode.swift; path = Attraction.swift; sourceTree = "<group>"; };
		3E8EB2052663FD2F004ECFDB /* AttractionCollectionViewCell.swift */ = {isa = PBXFileReference; lastKnownFileType = sourcecode.swift; name = AttractionCollectionViewCell.swift; path = Travelog/Main/AttractionPost/ViewControllers/AttractionCollectionViewCell.swift; sourceTree = SOURCE_ROOT; };
		3EA87B972667D206000A1345 /* AttractionPostListViewController.swift */ = {isa = PBXFileReference; lastKnownFileType = sourcecode.swift; path = AttractionPostListViewController.swift; sourceTree = "<group>"; };
		3EC3A4F7261DD1D2004BA4FF /* LocationSearchViewController.swift */ = {isa = PBXFileReference; lastKnownFileType = sourcecode.swift; path = LocationSearchViewController.swift; sourceTree = "<group>"; };
		3EC3A4FC261E1461004BA4FF /* LocationSearchTableViewCell.swift */ = {isa = PBXFileReference; lastKnownFileType = sourcecode.swift; path = LocationSearchTableViewCell.swift; sourceTree = "<group>"; };
		3EF3BA6F2648291F006B1DCA /* PostOverview.swift */ = {isa = PBXFileReference; lastKnownFileType = sourcecode.swift; path = PostOverview.swift; sourceTree = "<group>"; };
		3EF3BA7126482ABA006B1DCA /* PostDetail.swift */ = {isa = PBXFileReference; lastKnownFileType = sourcecode.swift; path = PostDetail.swift; sourceTree = "<group>"; };
		3EF3BA7326482C04006B1DCA /* PostService.swift */ = {isa = PBXFileReference; lastKnownFileType = sourcecode.swift; path = PostService.swift; sourceTree = "<group>"; };
		3EF8C41A262AF67800F7F7A4 /* GoogleService-Info.plist */ = {isa = PBXFileReference; fileEncoding = 4; lastKnownFileType = text.plist.xml; name = "GoogleService-Info.plist"; path = "../GoogleService-Info.plist"; sourceTree = "<group>"; };
		53ECBF0DEDC9E59E3D0AC49A /* Pods_Travelog.framework */ = {isa = PBXFileReference; explicitFileType = wrapper.framework; includeInIndex = 0; path = Pods_Travelog.framework; sourceTree = BUILT_PRODUCTS_DIR; };
		AC3B52AB263F73B7007F0D78 /* StarredPostDetailViewController.swift */ = {isa = PBXFileReference; lastKnownFileType = sourcecode.swift; path = StarredPostDetailViewController.swift; sourceTree = "<group>"; };
		AC54C5AD261D6EED0020980D /* StarredPostList.swift */ = {isa = PBXFileReference; fileEncoding = 4; lastKnownFileType = sourcecode.swift; path = StarredPostList.swift; sourceTree = "<group>"; };
		AC54C5AE261D6EED0020980D /* SelfConfiguringCell.swift */ = {isa = PBXFileReference; fileEncoding = 4; lastKnownFileType = sourcecode.swift; path = SelfConfiguringCell.swift; sourceTree = "<group>"; };
		AC54C5AF261D6EED0020980D /* StarredPostListCell.swift */ = {isa = PBXFileReference; fileEncoding = 4; lastKnownFileType = sourcecode.swift; path = StarredPostListCell.swift; sourceTree = "<group>"; };
		AC54C5BE261D6F3A0020980D /* Section.swift */ = {isa = PBXFileReference; fileEncoding = 4; lastKnownFileType = sourcecode.swift; path = Section.swift; sourceTree = "<group>"; };
		AC5D30BC262F405200F2C920 /* StarredPostLocation.swift */ = {isa = PBXFileReference; lastKnownFileType = sourcecode.swift; path = StarredPostLocation.swift; sourceTree = "<group>"; };
		AC6BD233264307B100AA0826 /* CommentViewController.swift */ = {isa = PBXFileReference; lastKnownFileType = sourcecode.swift; path = CommentViewController.swift; sourceTree = "<group>"; };
		AC7F7D572663F6EF00270806 /* StarredPostDetailImageCell.swift */ = {isa = PBXFileReference; lastKnownFileType = sourcecode.swift; path = StarredPostDetailImageCell.swift; sourceTree = "<group>"; };
		ACA7BF0F260A328E00C108EC /* SettingViewController.swift */ = {isa = PBXFileReference; lastKnownFileType = sourcecode.swift; path = SettingViewController.swift; sourceTree = "<group>"; };
		ACA7BF352613761F00C108EC /* MyPostListViewController.swift */ = {isa = PBXFileReference; lastKnownFileType = sourcecode.swift; path = MyPostListViewController.swift; sourceTree = "<group>"; };
		ACA7BF3D2613767800C108EC /* MyPostMapViewController.swift */ = {isa = PBXFileReference; lastKnownFileType = sourcecode.swift; path = MyPostMapViewController.swift; sourceTree = "<group>"; };
		ACD9407326685807005E4148 /* SearchViewPostCell.swift */ = {isa = PBXFileReference; lastKnownFileType = sourcecode.swift; name = SearchViewPostCell.swift; path = Travelog/Main/StarredPost/ViewControllers/SearchViewPostCell.swift; sourceTree = SOURCE_ROOT; };
		ACE90858261B7F160087F6AA /* StarredPostMapViewController.swift */ = {isa = PBXFileReference; lastKnownFileType = sourcecode.swift; path = StarredPostMapViewController.swift; sourceTree = "<group>"; };
		ACE9085D261B7F8D0087F6AA /* StarredPostListViewController.swift */ = {isa = PBXFileReference; fileEncoding = 4; lastKnownFileType = sourcecode.swift; path = StarredPostListViewController.swift; sourceTree = "<group>"; };
		ACE90874261C31D70087F6AA /* Bundle-Decodable.swift */ = {isa = PBXFileReference; lastKnownFileType = sourcecode.swift; path = "Bundle-Decodable.swift"; sourceTree = "<group>"; };
		ACE90884261C33970087F6AA /* StarredPostList.json */ = {isa = PBXFileReference; fileEncoding = 4; lastKnownFileType = text.json; name = StarredPostList.json; path = Travelog/Main/StarredPost/StarredPostList.json; sourceTree = SOURCE_ROOT; };
		BDC9F07A0516D3F46A13E5D5 /* Pods-Travelog.debug.xcconfig */ = {isa = PBXFileReference; includeInIndex = 1; lastKnownFileType = text.xcconfig; name = "Pods-Travelog.debug.xcconfig"; path = "Target Support Files/Pods-Travelog/Pods-Travelog.debug.xcconfig"; sourceTree = "<group>"; };
		D71AC29749E8FA3E914EB735 /* Pods-TravelogTests.debug.xcconfig */ = {isa = PBXFileReference; includeInIndex = 1; lastKnownFileType = text.xcconfig; name = "Pods-TravelogTests.debug.xcconfig"; path = "Target Support Files/Pods-TravelogTests/Pods-TravelogTests.debug.xcconfig"; sourceTree = "<group>"; };
		D786E777DFB0A9D827089D61 /* Pods-Travelog-TravelogUITests.release.xcconfig */ = {isa = PBXFileReference; includeInIndex = 1; lastKnownFileType = text.xcconfig; name = "Pods-Travelog-TravelogUITests.release.xcconfig"; path = "Target Support Files/Pods-Travelog-TravelogUITests/Pods-Travelog-TravelogUITests.release.xcconfig"; sourceTree = "<group>"; };
		F0C6298DFA4F925D90C46497 /* Pods-Travelog-TravelogUITests.debug.xcconfig */ = {isa = PBXFileReference; includeInIndex = 1; lastKnownFileType = text.xcconfig; name = "Pods-Travelog-TravelogUITests.debug.xcconfig"; path = "Target Support Files/Pods-Travelog-TravelogUITests/Pods-Travelog-TravelogUITests.debug.xcconfig"; sourceTree = "<group>"; };
/* End PBXFileReference section */

/* Begin PBXFrameworksBuildPhase section */
		3E464D7E26088FF600390A0B /* Frameworks */ = {
			isa = PBXFrameworksBuildPhase;
			buildActionMask = 2147483647;
			files = (
				C8C5CF520D769178F7D30738 /* Pods_Travelog.framework in Frameworks */,
			);
			runOnlyForDeploymentPostprocessing = 0;
		};
		3E464D9726088FF800390A0B /* Frameworks */ = {
			isa = PBXFrameworksBuildPhase;
			buildActionMask = 2147483647;
			files = (
				0C263619435BB98422CB3B26 /* Pods_TravelogTests.framework in Frameworks */,
			);
			runOnlyForDeploymentPostprocessing = 0;
		};
		3E464DA226088FF800390A0B /* Frameworks */ = {
			isa = PBXFrameworksBuildPhase;
			buildActionMask = 2147483647;
			files = (
				F905161DA84603C1458B2450 /* Pods_Travelog_TravelogUITests.framework in Frameworks */,
			);
			runOnlyForDeploymentPostprocessing = 0;
		};
/* End PBXFrameworksBuildPhase section */

/* Begin PBXGroup section */
		3E13E1AB2653D61100D308BB /* Post */ = {
			isa = PBXGroup;
			children = (
				3EF3BA7326482C04006B1DCA /* PostService.swift */,
				3E33A93F262DDFAC00ABCA8A /* Location.swift */,
				3EF3BA7126482ABA006B1DCA /* PostDetail.swift */,
				3EF3BA6F2648291F006B1DCA /* PostOverview.swift */,
			);
			path = Post;
			sourceTree = "<group>";
		};
		3E13E1AE265560AE00D308BB /* Auth */ = {
			isa = PBXGroup;
			children = (
				3E13E1AF265560CF00D308BB /* ViewControllers */,
			);
			path = Auth;
			sourceTree = "<group>";
		};
		3E13E1AF265560CF00D308BB /* ViewControllers */ = {
			isa = PBXGroup;
			children = (
				3E13E1B02655612A00D308BB /* SignInViewController.swift */,
				3E77017F2656B1F700D9590E /* SignUpViewController.swift */,
			);
			path = ViewControllers;
			sourceTree = "<group>";
		};
		3E33A936262C8BB000ABCA8A /* Models */ = {
			isa = PBXGroup;
			children = (
				3E5CF6D52659486800847F84 /* MapItem.swift */,
			);
			path = Models;
			sourceTree = "<group>";
		};
		3E33A94E262DEB6A00ABCA8A /* UploadPost */ = {
			isa = PBXGroup;
			children = (
				3E33A953262DEC6E00ABCA8A /* Views */,
				3E33A94F262DEB8A00ABCA8A /* ViewControllers */,
			);
			path = UploadPost;
			sourceTree = "<group>";
		};
		3E33A94F262DEB8A00ABCA8A /* ViewControllers */ = {
			isa = PBXGroup;
			children = (
				3E74B9CF261C61BF00AE1CB6 /* UploadPostViewController.swift */,
				3EC3A4F7261DD1D2004BA4FF /* LocationSearchViewController.swift */,
				3E1322A82624639800D52C7D /* SelectedPhotoViewController.swift */,
				3E04BB64262735A500362303 /* SelectedLocationViewController.swift */,
			);
			path = ViewControllers;
			sourceTree = "<group>";
		};
		3E33A953262DEC6E00ABCA8A /* Views */ = {
			isa = PBXGroup;
			children = (
				3EC3A4FC261E1461004BA4FF /* LocationSearchTableViewCell.swift */,
				3E0FE1D62625E2D3004E93E7 /* AddButtonCollectionViewCell.swift */,
				3E1322AD262467CF00D52C7D /* SelectedPhotoCollectionViewCell.swift */,
			);
			path = Views;
			sourceTree = "<group>";
		};
		3E464D7826088FF600390A0B = {
			isa = PBXGroup;
			children = (
				3E464D8326088FF600390A0B /* Travelog */,
				3E464D9D26088FF800390A0B /* TravelogTests */,
				3E464DA826088FF800390A0B /* TravelogUITests */,
				3E464D8226088FF600390A0B /* Products */,
				C0CF09421CD62A3152B615F7 /* Pods */,
				EBAD73144CBEDB071E292CB8 /* Frameworks */,
			);
			sourceTree = "<group>";
		};
		3E464D8226088FF600390A0B /* Products */ = {
			isa = PBXGroup;
			children = (
				3E464D8126088FF600390A0B /* Travelog.app */,
				3E464D9A26088FF800390A0B /* TravelogTests.xctest */,
				3E464DA526088FF800390A0B /* TravelogUITests.xctest */,
			);
			name = Products;
			sourceTree = "<group>";
		};
		3E464D8326088FF600390A0B /* Travelog */ = {
			isa = PBXGroup;
			children = (
				4395B4FC261DE30A00E0C54D /* Config */,
				4395B4FB261DE2C700E0C54D /* Main */,
				3E464D8A26088FF700390A0B /* Main.storyboard */,
				3E464D9026088FF800390A0B /* Assets.xcassets */,
				3E464D9226088FF800390A0B /* LaunchScreen.storyboard */,
				3E464D9526088FF800390A0B /* Info.plist */,
				3E6F507D260B9A4800B22252 /* PostThumbnail.swift */,
				ACE90874261C31D70087F6AA /* Bundle-Decodable.swift */,
				3EF8C41A262AF67800F7F7A4 /* GoogleService-Info.plist */,
			);
			path = Travelog;
			sourceTree = "<group>";
		};
		3E464D9D26088FF800390A0B /* TravelogTests */ = {
			isa = PBXGroup;
			children = (
				3E464D9E26088FF800390A0B /* TravelogTests.swift */,
				3E464DA026088FF800390A0B /* Info.plist */,
			);
			path = TravelogTests;
			sourceTree = "<group>";
		};
		3E464DA826088FF800390A0B /* TravelogUITests */ = {
			isa = PBXGroup;
			children = (
				3E464DA926088FF800390A0B /* TravelogUITests.swift */,
				3E464DAB26088FF800390A0B /* Info.plist */,
			);
			path = TravelogUITests;
			sourceTree = "<group>";
		};
		3E77017E26566A6E00D9590E /* User */ = {
			isa = PBXGroup;
			children = (
				3E13E1B426557C9500D308BB /* User.swift */,
				3E13E1B626557C9D00D308BB /* UserService.swift */,
			);
			path = User;
			sourceTree = "<group>";
		};
		3E8EB1FE2663F537004ECFDB /* Attraction */ = {
			isa = PBXGroup;
			children = (
				3E8EB1FF2663F557004ECFDB /* AttractionService.swift */,
				3E8EB2012663F5A1004ECFDB /* Attraction.swift */,
			);
			path = Attraction;
			sourceTree = "<group>";
		};
		3EBB14BF265BA29800F4B815 /* Map */ = {
			isa = PBXGroup;
			children = (
				3EBB14C0265BA2ED00F4B815 /* Views */,
				3E33A936262C8BB000ABCA8A /* Models */,
			);
			path = Map;
			sourceTree = "<group>";
		};
		3EBB14C0265BA2ED00F4B815 /* Views */ = {
			isa = PBXGroup;
			children = (
				3E5CF6D12659476600847F84 /* ClusterAnnotationView.swift */,
				3E5CF6D32659478C00847F84 /* MapItemAnnotationView.swift */,
			);
			path = Views;
			sourceTree = "<group>";
		};
		3EC3A528261E9A0F004BA4FF /* ViewControllers */ = {
			isa = PBXGroup;
			children = (
				ACA7BF0F260A328E00C108EC /* SettingViewController.swift */,
				3E464D8826088FF700390A0B /* MyPostViewController.swift */,
				ACA7BF352613761F00C108EC /* MyPostListViewController.swift */,
				ACA7BF3D2613767800C108EC /* MyPostMapViewController.swift */,
			);
			path = ViewControllers;
			sourceTree = "<group>";
		};
		3EC3A529261E9A1B004BA4FF /* Views */ = {
			isa = PBXGroup;
			children = (
				3E6F508A260B9E0800B22252 /* MyPostViewCell.swift */,
			);
			path = Views;
			sourceTree = "<group>";
		};
		3EC3A52E261E9AB9004BA4FF /* ViewControllers */ = {
			isa = PBXGroup;
			children = (
				3E7F918B26124A1800B319E8 /* SearchViewController.swift */,
			);
			path = ViewControllers;
			sourceTree = "<group>";
		};
		3EC3A52F261E9AC3004BA4FF /* ViewControllers */ = {
			isa = PBXGroup;
			children = (
				3E7F919026124A2D00B319E8 /* StarredPostViewController.swift */,
				ACE90858261B7F160087F6AA /* StarredPostMapViewController.swift */,
				ACE9085D261B7F8D0087F6AA /* StarredPostListViewController.swift */,
				AC3B52AB263F73B7007F0D78 /* StarredPostDetailViewController.swift */,
				AC6BD233264307B100AA0826 /* CommentViewController.swift */,
				AC7F7D572663F6EF00270806 /* StarredPostDetailImageCell.swift */,
			);
			path = ViewControllers;
			sourceTree = "<group>";
		};
		3EC3A530261E9AC7004BA4FF /* ViewControllers */ = {
			isa = PBXGroup;
			children = (
				3E7F919526124A3800B319E8 /* AttractionListViewController.swift */,
				3EA87B972667D206000A1345 /* AttractionPostListViewController.swift */,
			);
			path = ViewControllers;
			sourceTree = "<group>";
		};
		3EC3A531261E9AF2004BA4FF /* Views */ = {
			isa = PBXGroup;
			children = (
				ACD9407326685807005E4148 /* SearchViewPostCell.swift */,
			);
			path = Views;
			sourceTree = "<group>";
		};
		3EC3A532261E9AF8004BA4FF /* Views */ = {
			isa = PBXGroup;
			children = (
				AC54C5AE261D6EED0020980D /* SelfConfiguringCell.swift */,
				AC54C5AF261D6EED0020980D /* StarredPostListCell.swift */,
			);
			path = Views;
			sourceTree = "<group>";
		};
		3EC3A533261E9AFB004BA4FF /* Views */ = {
			isa = PBXGroup;
			children = (
				3E8EB2052663FD2F004ECFDB /* AttractionCollectionViewCell.swift */,
			);
			path = Views;
			sourceTree = "<group>";
		};
		3EC3A534261E9AFF004BA4FF /* Models */ = {
			isa = PBXGroup;
			children = (
			);
			path = Models;
			sourceTree = "<group>";
		};
		3EC3A536261E9B0A004BA4FF /* Models */ = {
			isa = PBXGroup;
			children = (
				AC54C5AD261D6EED0020980D /* StarredPostList.swift */,
				AC54C5BE261D6F3A0020980D /* Section.swift */,
				AC5D30BC262F405200F2C920 /* StarredPostLocation.swift */,
			);
			path = Models;
			sourceTree = "<group>";
		};
		3EC3A537261E9B0D004BA4FF /* Models */ = {
			isa = PBXGroup;
			children = (
			);
			path = Models;
			sourceTree = "<group>";
		};
		4395B4F7261DE29D00E0C54D /* MyPost */ = {
			isa = PBXGroup;
			children = (
				3E33A94E262DEB6A00ABCA8A /* UploadPost */,
				3EC3A529261E9A1B004BA4FF /* Views */,
				3EC3A528261E9A0F004BA4FF /* ViewControllers */,
			);
			path = MyPost;
			sourceTree = "<group>";
		};
		4395B4F8261DE2AB00E0C54D /* Search */ = {
			isa = PBXGroup;
			children = (
				3EC3A534261E9AFF004BA4FF /* Models */,
				3EC3A531261E9AF2004BA4FF /* Views */,
				3EC3A52E261E9AB9004BA4FF /* ViewControllers */,
			);
			path = Search;
			sourceTree = "<group>";
		};
		4395B4F9261DE2B700E0C54D /* StarredPost */ = {
			isa = PBXGroup;
			children = (
				ACE90884261C33970087F6AA /* StarredPostList.json */,
				3EC3A536261E9B0A004BA4FF /* Models */,
				3EC3A532261E9AF8004BA4FF /* Views */,
				3EC3A52F261E9AC3004BA4FF /* ViewControllers */,
			);
			path = StarredPost;
			sourceTree = "<group>";
		};
		4395B4FA261DE2C000E0C54D /* AttractionPost */ = {
			isa = PBXGroup;
			children = (
				3EC3A537261E9B0D004BA4FF /* Models */,
				3EC3A533261E9AFB004BA4FF /* Views */,
				3EC3A530261E9AC7004BA4FF /* ViewControllers */,
			);
			path = AttractionPost;
			sourceTree = "<group>";
		};
		4395B4FB261DE2C700E0C54D /* Main */ = {
			isa = PBXGroup;
			children = (
				3E8EB1FE2663F537004ECFDB /* Attraction */,
				3EBB14BF265BA29800F4B815 /* Map */,
				3E77017E26566A6E00D9590E /* User */,
				3E13E1AE265560AE00D308BB /* Auth */,
				3E13E1AB2653D61100D308BB /* Post */,
				4395B4F7261DE29D00E0C54D /* MyPost */,
				4395B4F8261DE2AB00E0C54D /* Search */,
				4395B4F9261DE2B700E0C54D /* StarredPost */,
				4395B4FA261DE2C000E0C54D /* AttractionPost */,
				3E13E1B22655780D00D308BB /* LoadingViewController.swift */,
				3E350E13266BD1AF003C4437 /* CommonExtension.swift */,
			);
			path = Main;
			sourceTree = "<group>";
		};
		4395B4FC261DE30A00E0C54D /* Config */ = {
			isa = PBXGroup;
			children = (
				3E464D8426088FF700390A0B /* AppDelegate.swift */,
				3E464D8626088FF700390A0B /* SceneDelegate.swift */,
				3E464D8D26088FF700390A0B /* Travelog.xcdatamodeld */,
			);
			path = Config;
			sourceTree = "<group>";
		};
		C0CF09421CD62A3152B615F7 /* Pods */ = {
			isa = PBXGroup;
			children = (
				BDC9F07A0516D3F46A13E5D5 /* Pods-Travelog.debug.xcconfig */,
				211EC349DC7F3D96D8A74D6C /* Pods-Travelog.release.xcconfig */,
				F0C6298DFA4F925D90C46497 /* Pods-Travelog-TravelogUITests.debug.xcconfig */,
				D786E777DFB0A9D827089D61 /* Pods-Travelog-TravelogUITests.release.xcconfig */,
				D71AC29749E8FA3E914EB735 /* Pods-TravelogTests.debug.xcconfig */,
				19F31494A9CD119F65AF8AA6 /* Pods-TravelogTests.release.xcconfig */,
			);
			path = Pods;
			sourceTree = "<group>";
		};
		EBAD73144CBEDB071E292CB8 /* Frameworks */ = {
			isa = PBXGroup;
			children = (
				53ECBF0DEDC9E59E3D0AC49A /* Pods_Travelog.framework */,
				0709ED7BCDC4A87A48341416 /* Pods_Travelog_TravelogUITests.framework */,
				1DDCB900C2B65E19BDEE17D5 /* Pods_TravelogTests.framework */,
			);
			name = Frameworks;
			sourceTree = "<group>";
		};
/* End PBXGroup section */

/* Begin PBXNativeTarget section */
		3E464D8026088FF600390A0B /* Travelog */ = {
			isa = PBXNativeTarget;
			buildConfigurationList = 3E464DAE26088FF800390A0B /* Build configuration list for PBXNativeTarget "Travelog" */;
			buildPhases = (
				791A3F24BCEE260B2AD43EA5 /* [CP] Check Pods Manifest.lock */,
				3E464D7D26088FF600390A0B /* Sources */,
				3E464D7E26088FF600390A0B /* Frameworks */,
				3E464D7F26088FF600390A0B /* Resources */,
				D657B5DE7D5BBA64229AB1CA /* [CP] Embed Pods Frameworks */,
			);
			buildRules = (
			);
			dependencies = (
			);
			name = Travelog;
			productName = Travelog;
			productReference = 3E464D8126088FF600390A0B /* Travelog.app */;
			productType = "com.apple.product-type.application";
		};
		3E464D9926088FF800390A0B /* TravelogTests */ = {
			isa = PBXNativeTarget;
			buildConfigurationList = 3E464DB126088FF800390A0B /* Build configuration list for PBXNativeTarget "TravelogTests" */;
			buildPhases = (
				6AF057D80A2BA2FE0D830762 /* [CP] Check Pods Manifest.lock */,
				3E464D9626088FF800390A0B /* Sources */,
				3E464D9726088FF800390A0B /* Frameworks */,
				3E464D9826088FF800390A0B /* Resources */,
			);
			buildRules = (
			);
			dependencies = (
				3E464D9C26088FF800390A0B /* PBXTargetDependency */,
			);
			name = TravelogTests;
			productName = TravelogTests;
			productReference = 3E464D9A26088FF800390A0B /* TravelogTests.xctest */;
			productType = "com.apple.product-type.bundle.unit-test";
		};
		3E464DA426088FF800390A0B /* TravelogUITests */ = {
			isa = PBXNativeTarget;
			buildConfigurationList = 3E464DB426088FF800390A0B /* Build configuration list for PBXNativeTarget "TravelogUITests" */;
			buildPhases = (
				BE198AF4451EE6E8035378A9 /* [CP] Check Pods Manifest.lock */,
				3E464DA126088FF800390A0B /* Sources */,
				3E464DA226088FF800390A0B /* Frameworks */,
				3E464DA326088FF800390A0B /* Resources */,
				EA21B54E9BE7E567597563DC /* [CP] Embed Pods Frameworks */,
			);
			buildRules = (
			);
			dependencies = (
				3E464DA726088FF800390A0B /* PBXTargetDependency */,
			);
			name = TravelogUITests;
			productName = TravelogUITests;
			productReference = 3E464DA526088FF800390A0B /* TravelogUITests.xctest */;
			productType = "com.apple.product-type.bundle.ui-testing";
		};
/* End PBXNativeTarget section */

/* Begin PBXProject section */
		3E464D7926088FF600390A0B /* Project object */ = {
			isa = PBXProject;
			attributes = {
				LastSwiftUpdateCheck = 1240;
				LastUpgradeCheck = 1240;
				TargetAttributes = {
					3E464D8026088FF600390A0B = {
						CreatedOnToolsVersion = 12.4;
					};
					3E464D9926088FF800390A0B = {
						CreatedOnToolsVersion = 12.4;
						TestTargetID = 3E464D8026088FF600390A0B;
					};
					3E464DA426088FF800390A0B = {
						CreatedOnToolsVersion = 12.4;
						TestTargetID = 3E464D8026088FF600390A0B;
					};
				};
			};
			buildConfigurationList = 3E464D7C26088FF600390A0B /* Build configuration list for PBXProject "Travelog" */;
			compatibilityVersion = "Xcode 9.3";
			developmentRegion = en;
			hasScannedForEncodings = 0;
			knownRegions = (
				en,
				Base,
			);
			mainGroup = 3E464D7826088FF600390A0B;
			productRefGroup = 3E464D8226088FF600390A0B /* Products */;
			projectDirPath = "";
			projectRoot = "";
			targets = (
				3E464D8026088FF600390A0B /* Travelog */,
				3E464D9926088FF800390A0B /* TravelogTests */,
				3E464DA426088FF800390A0B /* TravelogUITests */,
			);
		};
/* End PBXProject section */

/* Begin PBXResourcesBuildPhase section */
		3E464D7F26088FF600390A0B /* Resources */ = {
			isa = PBXResourcesBuildPhase;
			buildActionMask = 2147483647;
			files = (
				3E464D9426088FF800390A0B /* LaunchScreen.storyboard in Resources */,
				3E464D9126088FF800390A0B /* Assets.xcassets in Resources */,
				3EF8C41B262AF67800F7F7A4 /* GoogleService-Info.plist in Resources */,
				3E464D8C26088FF700390A0B /* Main.storyboard in Resources */,
				ACE90885261C33970087F6AA /* StarredPostList.json in Resources */,
			);
			runOnlyForDeploymentPostprocessing = 0;
		};
		3E464D9826088FF800390A0B /* Resources */ = {
			isa = PBXResourcesBuildPhase;
			buildActionMask = 2147483647;
			files = (
			);
			runOnlyForDeploymentPostprocessing = 0;
		};
		3E464DA326088FF800390A0B /* Resources */ = {
			isa = PBXResourcesBuildPhase;
			buildActionMask = 2147483647;
			files = (
			);
			runOnlyForDeploymentPostprocessing = 0;
		};
/* End PBXResourcesBuildPhase section */

/* Begin PBXShellScriptBuildPhase section */
		6AF057D80A2BA2FE0D830762 /* [CP] Check Pods Manifest.lock */ = {
			isa = PBXShellScriptBuildPhase;
			buildActionMask = 2147483647;
			files = (
			);
			inputFileListPaths = (
			);
			inputPaths = (
				"${PODS_PODFILE_DIR_PATH}/Podfile.lock",
				"${PODS_ROOT}/Manifest.lock",
			);
			name = "[CP] Check Pods Manifest.lock";
			outputFileListPaths = (
			);
			outputPaths = (
				"$(DERIVED_FILE_DIR)/Pods-TravelogTests-checkManifestLockResult.txt",
			);
			runOnlyForDeploymentPostprocessing = 0;
			shellPath = /bin/sh;
			shellScript = "diff \"${PODS_PODFILE_DIR_PATH}/Podfile.lock\" \"${PODS_ROOT}/Manifest.lock\" > /dev/null\nif [ $? != 0 ] ; then\n    # print error to STDERR\n    echo \"error: The sandbox is not in sync with the Podfile.lock. Run 'pod install' or update your CocoaPods installation.\" >&2\n    exit 1\nfi\n# This output is used by Xcode 'outputs' to avoid re-running this script phase.\necho \"SUCCESS\" > \"${SCRIPT_OUTPUT_FILE_0}\"\n";
			showEnvVarsInLog = 0;
		};
		791A3F24BCEE260B2AD43EA5 /* [CP] Check Pods Manifest.lock */ = {
			isa = PBXShellScriptBuildPhase;
			buildActionMask = 2147483647;
			files = (
			);
			inputFileListPaths = (
			);
			inputPaths = (
				"${PODS_PODFILE_DIR_PATH}/Podfile.lock",
				"${PODS_ROOT}/Manifest.lock",
			);
			name = "[CP] Check Pods Manifest.lock";
			outputFileListPaths = (
			);
			outputPaths = (
				"$(DERIVED_FILE_DIR)/Pods-Travelog-checkManifestLockResult.txt",
			);
			runOnlyForDeploymentPostprocessing = 0;
			shellPath = /bin/sh;
			shellScript = "diff \"${PODS_PODFILE_DIR_PATH}/Podfile.lock\" \"${PODS_ROOT}/Manifest.lock\" > /dev/null\nif [ $? != 0 ] ; then\n    # print error to STDERR\n    echo \"error: The sandbox is not in sync with the Podfile.lock. Run 'pod install' or update your CocoaPods installation.\" >&2\n    exit 1\nfi\n# This output is used by Xcode 'outputs' to avoid re-running this script phase.\necho \"SUCCESS\" > \"${SCRIPT_OUTPUT_FILE_0}\"\n";
			showEnvVarsInLog = 0;
		};
		BE198AF4451EE6E8035378A9 /* [CP] Check Pods Manifest.lock */ = {
			isa = PBXShellScriptBuildPhase;
			buildActionMask = 2147483647;
			files = (
			);
			inputFileListPaths = (
			);
			inputPaths = (
				"${PODS_PODFILE_DIR_PATH}/Podfile.lock",
				"${PODS_ROOT}/Manifest.lock",
			);
			name = "[CP] Check Pods Manifest.lock";
			outputFileListPaths = (
			);
			outputPaths = (
				"$(DERIVED_FILE_DIR)/Pods-Travelog-TravelogUITests-checkManifestLockResult.txt",
			);
			runOnlyForDeploymentPostprocessing = 0;
			shellPath = /bin/sh;
			shellScript = "diff \"${PODS_PODFILE_DIR_PATH}/Podfile.lock\" \"${PODS_ROOT}/Manifest.lock\" > /dev/null\nif [ $? != 0 ] ; then\n    # print error to STDERR\n    echo \"error: The sandbox is not in sync with the Podfile.lock. Run 'pod install' or update your CocoaPods installation.\" >&2\n    exit 1\nfi\n# This output is used by Xcode 'outputs' to avoid re-running this script phase.\necho \"SUCCESS\" > \"${SCRIPT_OUTPUT_FILE_0}\"\n";
			showEnvVarsInLog = 0;
		};
		D657B5DE7D5BBA64229AB1CA /* [CP] Embed Pods Frameworks */ = {
			isa = PBXShellScriptBuildPhase;
			buildActionMask = 2147483647;
			files = (
			);
			inputFileListPaths = (
				"${PODS_ROOT}/Target Support Files/Pods-Travelog/Pods-Travelog-frameworks-${CONFIGURATION}-input-files.xcfilelist",
			);
			name = "[CP] Embed Pods Frameworks";
			outputFileListPaths = (
				"${PODS_ROOT}/Target Support Files/Pods-Travelog/Pods-Travelog-frameworks-${CONFIGURATION}-output-files.xcfilelist",
			);
			runOnlyForDeploymentPostprocessing = 0;
			shellPath = /bin/sh;
			shellScript = "\"${PODS_ROOT}/Target Support Files/Pods-Travelog/Pods-Travelog-frameworks.sh\"\n";
			showEnvVarsInLog = 0;
		};
		EA21B54E9BE7E567597563DC /* [CP] Embed Pods Frameworks */ = {
			isa = PBXShellScriptBuildPhase;
			buildActionMask = 2147483647;
			files = (
			);
			inputFileListPaths = (
				"${PODS_ROOT}/Target Support Files/Pods-Travelog-TravelogUITests/Pods-Travelog-TravelogUITests-frameworks-${CONFIGURATION}-input-files.xcfilelist",
			);
			name = "[CP] Embed Pods Frameworks";
			outputFileListPaths = (
				"${PODS_ROOT}/Target Support Files/Pods-Travelog-TravelogUITests/Pods-Travelog-TravelogUITests-frameworks-${CONFIGURATION}-output-files.xcfilelist",
			);
			runOnlyForDeploymentPostprocessing = 0;
			shellPath = /bin/sh;
			shellScript = "\"${PODS_ROOT}/Target Support Files/Pods-Travelog-TravelogUITests/Pods-Travelog-TravelogUITests-frameworks.sh\"\n";
			showEnvVarsInLog = 0;
		};
/* End PBXShellScriptBuildPhase section */

/* Begin PBXSourcesBuildPhase section */
		3E464D7D26088FF600390A0B /* Sources */ = {
			isa = PBXSourcesBuildPhase;
			buildActionMask = 2147483647;
			files = (
				ACA7BF362613761F00C108EC /* MyPostListViewController.swift in Sources */,
				ACE90859261B7F160087F6AA /* StarredPostMapViewController.swift in Sources */,
				3E7F918C26124A1800B319E8 /* SearchViewController.swift in Sources */,
				3EA87B982667D206000A1345 /* AttractionPostListViewController.swift in Sources */,
				AC5D30BD262F405200F2C920 /* StarredPostLocation.swift in Sources */,
				3E5CF6D42659478C00847F84 /* MapItemAnnotationView.swift in Sources */,
				3E8EB2062663FD2F004ECFDB /* AttractionCollectionViewCell.swift in Sources */,
				3E13E1B12655612A00D308BB /* SignInViewController.swift in Sources */,
				3E74B9D0261C61BF00AE1CB6 /* UploadPostViewController.swift in Sources */,
				AC54C5B1261D6EED0020980D /* StarredPostList.swift in Sources */,
				3EF3BA702648291F006B1DCA /* PostOverview.swift in Sources */,
				ACD9407426685807005E4148 /* SearchViewPostCell.swift in Sources */,
				3E33A940262DDFAC00ABCA8A /* Location.swift in Sources */,
				ACE9085E261B7F8D0087F6AA /* StarredPostListViewController.swift in Sources */,
				3E13E1B32655780D00D308BB /* LoadingViewController.swift in Sources */,
				ACE90875261C31D70087F6AA /* Bundle-Decodable.swift in Sources */,
				3E5CF6D22659476600847F84 /* ClusterAnnotationView.swift in Sources */,
				3E6F507E260B9A4800B22252 /* PostThumbnail.swift in Sources */,
				3E5CF6D62659486800847F84 /* MapItem.swift in Sources */,
				ACA7BF10260A328F00C108EC /* SettingViewController.swift in Sources */,
				AC3B52AC263F73B7007F0D78 /* StarredPostDetailViewController.swift in Sources */,
				3EF3BA7226482ABA006B1DCA /* PostDetail.swift in Sources */,
				3E350E14266BD1B0003C4437 /* CommonExtension.swift in Sources */,
				3E04BB65262735A500362303 /* SelectedLocationViewController.swift in Sources */,
				3E0FE1D72625E2D3004E93E7 /* AddButtonCollectionViewCell.swift in Sources */,
				3EC3A4FD261E1461004BA4FF /* LocationSearchTableViewCell.swift in Sources */,
				AC54C5B3261D6EED0020980D /* StarredPostListCell.swift in Sources */,
				3E7F919626124A3800B319E8 /* AttractionListViewController.swift in Sources */,
				3E8EB2002663F557004ECFDB /* AttractionService.swift in Sources */,
				3E464D8926088FF700390A0B /* MyPostViewController.swift in Sources */,
				3E7F919126124A2D00B319E8 /* StarredPostViewController.swift in Sources */,
				3E464D8F26088FF700390A0B /* Travelog.xcdatamodeld in Sources */,
				3E6F508B260B9E0800B22252 /* MyPostViewCell.swift in Sources */,
				3E13E1B526557C9500D308BB /* User.swift in Sources */,
				3E464D8526088FF700390A0B /* AppDelegate.swift in Sources */,
				3E8EB2022663F5A1004ECFDB /* Attraction.swift in Sources */,
				3E1322A92624639800D52C7D /* SelectedPhotoViewController.swift in Sources */,
				3E1322AE262467CF00D52C7D /* SelectedPhotoCollectionViewCell.swift in Sources */,
				3EC3A4F8261DD1D2004BA4FF /* LocationSearchViewController.swift in Sources */,
				3E464D8726088FF700390A0B /* SceneDelegate.swift in Sources */,
				3EF3BA7426482C04006B1DCA /* PostService.swift in Sources */,
				3E7701802656B1F700D9590E /* SignUpViewController.swift in Sources */,
				AC54C5BF261D6F3A0020980D /* Section.swift in Sources */,
				ACA7BF3E2613767800C108EC /* MyPostMapViewController.swift in Sources */,
				AC54C5B2261D6EED0020980D /* SelfConfiguringCell.swift in Sources */,
				3E13E1B726557C9D00D308BB /* UserService.swift in Sources */,
				AC7F7D582663F6EF00270806 /* StarredPostDetailImageCell.swift in Sources */,
				AC6BD234264307B100AA0826 /* CommentViewController.swift in Sources */,
			);
			runOnlyForDeploymentPostprocessing = 0;
		};
		3E464D9626088FF800390A0B /* Sources */ = {
			isa = PBXSourcesBuildPhase;
			buildActionMask = 2147483647;
			files = (
				3E464D9F26088FF800390A0B /* TravelogTests.swift in Sources */,
			);
			runOnlyForDeploymentPostprocessing = 0;
		};
		3E464DA126088FF800390A0B /* Sources */ = {
			isa = PBXSourcesBuildPhase;
			buildActionMask = 2147483647;
			files = (
				3E464DAA26088FF800390A0B /* TravelogUITests.swift in Sources */,
			);
			runOnlyForDeploymentPostprocessing = 0;
		};
/* End PBXSourcesBuildPhase section */

/* Begin PBXTargetDependency section */
		3E464D9C26088FF800390A0B /* PBXTargetDependency */ = {
			isa = PBXTargetDependency;
			target = 3E464D8026088FF600390A0B /* Travelog */;
			targetProxy = 3E464D9B26088FF800390A0B /* PBXContainerItemProxy */;
		};
		3E464DA726088FF800390A0B /* PBXTargetDependency */ = {
			isa = PBXTargetDependency;
			target = 3E464D8026088FF600390A0B /* Travelog */;
			targetProxy = 3E464DA626088FF800390A0B /* PBXContainerItemProxy */;
		};
/* End PBXTargetDependency section */

/* Begin PBXVariantGroup section */
		3E464D8A26088FF700390A0B /* Main.storyboard */ = {
			isa = PBXVariantGroup;
			children = (
				3E464D8B26088FF700390A0B /* Base */,
			);
			name = Main.storyboard;
			sourceTree = "<group>";
		};
		3E464D9226088FF800390A0B /* LaunchScreen.storyboard */ = {
			isa = PBXVariantGroup;
			children = (
				3E464D9326088FF800390A0B /* Base */,
			);
			name = LaunchScreen.storyboard;
			sourceTree = "<group>";
		};
/* End PBXVariantGroup section */

/* Begin XCBuildConfiguration section */
		3E464DAC26088FF800390A0B /* Debug */ = {
			isa = XCBuildConfiguration;
			buildSettings = {
				ALWAYS_SEARCH_USER_PATHS = NO;
				CLANG_ANALYZER_NONNULL = YES;
				CLANG_ANALYZER_NUMBER_OBJECT_CONVERSION = YES_AGGRESSIVE;
				CLANG_CXX_LANGUAGE_STANDARD = "gnu++14";
				CLANG_CXX_LIBRARY = "libc++";
				CLANG_ENABLE_MODULES = YES;
				CLANG_ENABLE_OBJC_ARC = YES;
				CLANG_ENABLE_OBJC_WEAK = YES;
				CLANG_WARN_BLOCK_CAPTURE_AUTORELEASING = YES;
				CLANG_WARN_BOOL_CONVERSION = YES;
				CLANG_WARN_COMMA = YES;
				CLANG_WARN_CONSTANT_CONVERSION = YES;
				CLANG_WARN_DEPRECATED_OBJC_IMPLEMENTATIONS = YES;
				CLANG_WARN_DIRECT_OBJC_ISA_USAGE = YES_ERROR;
				CLANG_WARN_DOCUMENTATION_COMMENTS = YES;
				CLANG_WARN_EMPTY_BODY = YES;
				CLANG_WARN_ENUM_CONVERSION = YES;
				CLANG_WARN_INFINITE_RECURSION = YES;
				CLANG_WARN_INT_CONVERSION = YES;
				CLANG_WARN_NON_LITERAL_NULL_CONVERSION = YES;
				CLANG_WARN_OBJC_IMPLICIT_RETAIN_SELF = YES;
				CLANG_WARN_OBJC_LITERAL_CONVERSION = YES;
				CLANG_WARN_OBJC_ROOT_CLASS = YES_ERROR;
				CLANG_WARN_QUOTED_INCLUDE_IN_FRAMEWORK_HEADER = YES;
				CLANG_WARN_RANGE_LOOP_ANALYSIS = YES;
				CLANG_WARN_STRICT_PROTOTYPES = YES;
				CLANG_WARN_SUSPICIOUS_MOVE = YES;
				CLANG_WARN_UNGUARDED_AVAILABILITY = YES_AGGRESSIVE;
				CLANG_WARN_UNREACHABLE_CODE = YES;
				CLANG_WARN__DUPLICATE_METHOD_MATCH = YES;
				COPY_PHASE_STRIP = NO;
				DEBUG_INFORMATION_FORMAT = dwarf;
				ENABLE_STRICT_OBJC_MSGSEND = YES;
				ENABLE_TESTABILITY = YES;
				GCC_C_LANGUAGE_STANDARD = gnu11;
				GCC_DYNAMIC_NO_PIC = NO;
				GCC_NO_COMMON_BLOCKS = YES;
				GCC_OPTIMIZATION_LEVEL = 0;
				GCC_PREPROCESSOR_DEFINITIONS = (
					"DEBUG=1",
					"$(inherited)",
				);
				GCC_WARN_64_TO_32_BIT_CONVERSION = YES;
				GCC_WARN_ABOUT_RETURN_TYPE = YES_ERROR;
				GCC_WARN_UNDECLARED_SELECTOR = YES;
				GCC_WARN_UNINITIALIZED_AUTOS = YES_AGGRESSIVE;
				GCC_WARN_UNUSED_FUNCTION = YES;
				GCC_WARN_UNUSED_VARIABLE = YES;
				IPHONEOS_DEPLOYMENT_TARGET = 14.4;
				MTL_ENABLE_DEBUG_INFO = INCLUDE_SOURCE;
				MTL_FAST_MATH = YES;
				ONLY_ACTIVE_ARCH = YES;
				SDKROOT = iphoneos;
				SWIFT_ACTIVE_COMPILATION_CONDITIONS = DEBUG;
				SWIFT_OPTIMIZATION_LEVEL = "-Onone";
			};
			name = Debug;
		};
		3E464DAD26088FF800390A0B /* Release */ = {
			isa = XCBuildConfiguration;
			buildSettings = {
				ALWAYS_SEARCH_USER_PATHS = NO;
				CLANG_ANALYZER_NONNULL = YES;
				CLANG_ANALYZER_NUMBER_OBJECT_CONVERSION = YES_AGGRESSIVE;
				CLANG_CXX_LANGUAGE_STANDARD = "gnu++14";
				CLANG_CXX_LIBRARY = "libc++";
				CLANG_ENABLE_MODULES = YES;
				CLANG_ENABLE_OBJC_ARC = YES;
				CLANG_ENABLE_OBJC_WEAK = YES;
				CLANG_WARN_BLOCK_CAPTURE_AUTORELEASING = YES;
				CLANG_WARN_BOOL_CONVERSION = YES;
				CLANG_WARN_COMMA = YES;
				CLANG_WARN_CONSTANT_CONVERSION = YES;
				CLANG_WARN_DEPRECATED_OBJC_IMPLEMENTATIONS = YES;
				CLANG_WARN_DIRECT_OBJC_ISA_USAGE = YES_ERROR;
				CLANG_WARN_DOCUMENTATION_COMMENTS = YES;
				CLANG_WARN_EMPTY_BODY = YES;
				CLANG_WARN_ENUM_CONVERSION = YES;
				CLANG_WARN_INFINITE_RECURSION = YES;
				CLANG_WARN_INT_CONVERSION = YES;
				CLANG_WARN_NON_LITERAL_NULL_CONVERSION = YES;
				CLANG_WARN_OBJC_IMPLICIT_RETAIN_SELF = YES;
				CLANG_WARN_OBJC_LITERAL_CONVERSION = YES;
				CLANG_WARN_OBJC_ROOT_CLASS = YES_ERROR;
				CLANG_WARN_QUOTED_INCLUDE_IN_FRAMEWORK_HEADER = YES;
				CLANG_WARN_RANGE_LOOP_ANALYSIS = YES;
				CLANG_WARN_STRICT_PROTOTYPES = YES;
				CLANG_WARN_SUSPICIOUS_MOVE = YES;
				CLANG_WARN_UNGUARDED_AVAILABILITY = YES_AGGRESSIVE;
				CLANG_WARN_UNREACHABLE_CODE = YES;
				CLANG_WARN__DUPLICATE_METHOD_MATCH = YES;
				COPY_PHASE_STRIP = NO;
				DEBUG_INFORMATION_FORMAT = "dwarf-with-dsym";
				ENABLE_NS_ASSERTIONS = NO;
				ENABLE_STRICT_OBJC_MSGSEND = YES;
				GCC_C_LANGUAGE_STANDARD = gnu11;
				GCC_NO_COMMON_BLOCKS = YES;
				GCC_WARN_64_TO_32_BIT_CONVERSION = YES;
				GCC_WARN_ABOUT_RETURN_TYPE = YES_ERROR;
				GCC_WARN_UNDECLARED_SELECTOR = YES;
				GCC_WARN_UNINITIALIZED_AUTOS = YES_AGGRESSIVE;
				GCC_WARN_UNUSED_FUNCTION = YES;
				GCC_WARN_UNUSED_VARIABLE = YES;
				IPHONEOS_DEPLOYMENT_TARGET = 14.4;
				MTL_ENABLE_DEBUG_INFO = NO;
				MTL_FAST_MATH = YES;
				SDKROOT = iphoneos;
				SWIFT_COMPILATION_MODE = wholemodule;
				SWIFT_OPTIMIZATION_LEVEL = "-O";
				VALIDATE_PRODUCT = YES;
			};
			name = Release;
		};
		3E464DAF26088FF800390A0B /* Debug */ = {
			isa = XCBuildConfiguration;
			baseConfigurationReference = BDC9F07A0516D3F46A13E5D5 /* Pods-Travelog.debug.xcconfig */;
			buildSettings = {
				ASSETCATALOG_COMPILER_GLOBAL_ACCENT_COLOR_NAME = AccentColor;
				CODE_SIGN_STYLE = Automatic;
				DEVELOPMENT_TEAM = "";
				INFOPLIST_FILE = Travelog/Info.plist;
				LD_RUNPATH_SEARCH_PATHS = (
					"$(inherited)",
					"@executable_path/Frameworks",
				);
				PRODUCT_BUNDLE_IDENTIFIER = com.ahrimyena.travelog;
				PRODUCT_NAME = "$(TARGET_NAME)";
				SWIFT_VERSION = 5.0;
				TARGETED_DEVICE_FAMILY = "1,2";
			};
			name = Debug;
		};
		3E464DB026088FF800390A0B /* Release */ = {
			isa = XCBuildConfiguration;
			baseConfigurationReference = 211EC349DC7F3D96D8A74D6C /* Pods-Travelog.release.xcconfig */;
			buildSettings = {
				ASSETCATALOG_COMPILER_GLOBAL_ACCENT_COLOR_NAME = AccentColor;
				CODE_SIGN_STYLE = Automatic;
				DEVELOPMENT_TEAM = VN536PVMHM;
				INFOPLIST_FILE = Travelog/Info.plist;
				LD_RUNPATH_SEARCH_PATHS = (
					"$(inherited)",
					"@executable_path/Frameworks",
				);
				PRODUCT_BUNDLE_IDENTIFIER = com.ahrimyena.travelog;
				PRODUCT_NAME = "$(TARGET_NAME)";
				SWIFT_VERSION = 5.0;
				TARGETED_DEVICE_FAMILY = "1,2";
			};
			name = Release;
		};
		3E464DB226088FF800390A0B /* Debug */ = {
			isa = XCBuildConfiguration;
			baseConfigurationReference = D71AC29749E8FA3E914EB735 /* Pods-TravelogTests.debug.xcconfig */;
			buildSettings = {
				ALWAYS_EMBED_SWIFT_STANDARD_LIBRARIES = YES;
				BUNDLE_LOADER = "$(TEST_HOST)";
				CODE_SIGN_STYLE = Automatic;
				DEVELOPMENT_TEAM = VN536PVMHM;
				INFOPLIST_FILE = TravelogTests/Info.plist;
				IPHONEOS_DEPLOYMENT_TARGET = 14.4;
				LD_RUNPATH_SEARCH_PATHS = (
					"$(inherited)",
					"@executable_path/Frameworks",
					"@loader_path/Frameworks",
				);
				PRODUCT_BUNDLE_IDENTIFIER = com.kau.TravelogTests;
				PRODUCT_NAME = "$(TARGET_NAME)";
				SWIFT_VERSION = 5.0;
				TARGETED_DEVICE_FAMILY = "1,2";
				TEST_HOST = "$(BUILT_PRODUCTS_DIR)/Travelog.app/Travelog";
			};
			name = Debug;
		};
		3E464DB326088FF800390A0B /* Release */ = {
			isa = XCBuildConfiguration;
			baseConfigurationReference = 19F31494A9CD119F65AF8AA6 /* Pods-TravelogTests.release.xcconfig */;
			buildSettings = {
				ALWAYS_EMBED_SWIFT_STANDARD_LIBRARIES = YES;
				BUNDLE_LOADER = "$(TEST_HOST)";
				CODE_SIGN_STYLE = Automatic;
				DEVELOPMENT_TEAM = VN536PVMHM;
				INFOPLIST_FILE = TravelogTests/Info.plist;
				IPHONEOS_DEPLOYMENT_TARGET = 14.4;
				LD_RUNPATH_SEARCH_PATHS = (
					"$(inherited)",
					"@executable_path/Frameworks",
					"@loader_path/Frameworks",
				);
				PRODUCT_BUNDLE_IDENTIFIER = com.kau.TravelogTests;
				PRODUCT_NAME = "$(TARGET_NAME)";
				SWIFT_VERSION = 5.0;
				TARGETED_DEVICE_FAMILY = "1,2";
				TEST_HOST = "$(BUILT_PRODUCTS_DIR)/Travelog.app/Travelog";
			};
			name = Release;
		};
		3E464DB526088FF800390A0B /* Debug */ = {
			isa = XCBuildConfiguration;
			baseConfigurationReference = F0C6298DFA4F925D90C46497 /* Pods-Travelog-TravelogUITests.debug.xcconfig */;
			buildSettings = {
				ALWAYS_EMBED_SWIFT_STANDARD_LIBRARIES = YES;
				CODE_SIGN_STYLE = Automatic;
				DEVELOPMENT_TEAM = VN536PVMHM;
				INFOPLIST_FILE = TravelogUITests/Info.plist;
				LD_RUNPATH_SEARCH_PATHS = (
					"$(inherited)",
					"@executable_path/Frameworks",
					"@loader_path/Frameworks",
				);
				PRODUCT_BUNDLE_IDENTIFIER = com.kau.TravelogUITests;
				PRODUCT_NAME = "$(TARGET_NAME)";
				SWIFT_VERSION = 5.0;
				TARGETED_DEVICE_FAMILY = "1,2";
				TEST_TARGET_NAME = Travelog;
			};
			name = Debug;
		};
		3E464DB626088FF800390A0B /* Release */ = {
			isa = XCBuildConfiguration;
			baseConfigurationReference = D786E777DFB0A9D827089D61 /* Pods-Travelog-TravelogUITests.release.xcconfig */;
			buildSettings = {
				ALWAYS_EMBED_SWIFT_STANDARD_LIBRARIES = YES;
				CODE_SIGN_STYLE = Automatic;
				DEVELOPMENT_TEAM = VN536PVMHM;
				INFOPLIST_FILE = TravelogUITests/Info.plist;
				LD_RUNPATH_SEARCH_PATHS = (
					"$(inherited)",
					"@executable_path/Frameworks",
					"@loader_path/Frameworks",
				);
				PRODUCT_BUNDLE_IDENTIFIER = com.kau.TravelogUITests;
				PRODUCT_NAME = "$(TARGET_NAME)";
				SWIFT_VERSION = 5.0;
				TARGETED_DEVICE_FAMILY = "1,2";
				TEST_TARGET_NAME = Travelog;
			};
			name = Release;
		};
/* End XCBuildConfiguration section */

/* Begin XCConfigurationList section */
		3E464D7C26088FF600390A0B /* Build configuration list for PBXProject "Travelog" */ = {
			isa = XCConfigurationList;
			buildConfigurations = (
				3E464DAC26088FF800390A0B /* Debug */,
				3E464DAD26088FF800390A0B /* Release */,
			);
			defaultConfigurationIsVisible = 0;
			defaultConfigurationName = Release;
		};
		3E464DAE26088FF800390A0B /* Build configuration list for PBXNativeTarget "Travelog" */ = {
			isa = XCConfigurationList;
			buildConfigurations = (
				3E464DAF26088FF800390A0B /* Debug */,
				3E464DB026088FF800390A0B /* Release */,
			);
			defaultConfigurationIsVisible = 0;
			defaultConfigurationName = Release;
		};
		3E464DB126088FF800390A0B /* Build configuration list for PBXNativeTarget "TravelogTests" */ = {
			isa = XCConfigurationList;
			buildConfigurations = (
				3E464DB226088FF800390A0B /* Debug */,
				3E464DB326088FF800390A0B /* Release */,
			);
			defaultConfigurationIsVisible = 0;
			defaultConfigurationName = Release;
		};
		3E464DB426088FF800390A0B /* Build configuration list for PBXNativeTarget "TravelogUITests" */ = {
			isa = XCConfigurationList;
			buildConfigurations = (
				3E464DB526088FF800390A0B /* Debug */,
				3E464DB626088FF800390A0B /* Release */,
			);
			defaultConfigurationIsVisible = 0;
			defaultConfigurationName = Release;
		};
/* End XCConfigurationList section */

/* Begin XCVersionGroup section */
		3E464D8D26088FF700390A0B /* Travelog.xcdatamodeld */ = {
			isa = XCVersionGroup;
			children = (
				3E464D8E26088FF700390A0B /* Travelog.xcdatamodel */,
			);
			currentVersion = 3E464D8E26088FF700390A0B /* Travelog.xcdatamodel */;
			path = Travelog.xcdatamodeld;
			sourceTree = "<group>";
			versionGroupType = wrapper.xcdatamodel;
		};
/* End XCVersionGroup section */
	};
	rootObject = 3E464D7926088FF600390A0B /* Project object */;
}
